// !$*UTF8*$!
{
	archiveVersion = 1;
	classes = {
	};
	objectVersion = 46;
	objects = {

/* Begin PBXBuildFile section */
		58176602B680B4A609C9ACDF /* libPods-bsbdj.a in Frameworks */ = {isa = PBXBuildFile; fileRef = 54DD8F08FE893BF3F05A8641 /* libPods-bsbdj.a */; };
		BB0538331D40D4C500840432 /* ttLoginRegisterVc.m in Sources */ = {isa = PBXBuildFile; fileRef = BB0538311D40D4C500840432 /* ttLoginRegisterVc.m */; };
		BB0538341D40D4C500840432 /* ttLoginRegisterVc.xib in Resources */ = {isa = PBXBuildFile; fileRef = BB0538321D40D4C500840432 /* ttLoginRegisterVc.xib */; };
		BB0D2A2D1D3F644400C66D3D /* ttGuideView.m in Sources */ = {isa = PBXBuildFile; fileRef = BB0D2A2C1D3F644400C66D3D /* ttGuideView.m */; };
		BB0D2A311D3F647500C66D3D /* ttGuideView.xib in Resources */ = {isa = PBXBuildFile; fileRef = BB0D2A301D3F647500C66D3D /* ttGuideView.xib */; };
		BB98E65D1D3D23CF00683672 /* ttEssenceVc.m in Sources */ = {isa = PBXBuildFile; fileRef = BB98E5ED1D3D23CF00683672 /* ttEssenceVc.m */; };
		BB98E65E1D3D23CF00683672 /* ttFriendTrendsVc.m in Sources */ = {isa = PBXBuildFile; fileRef = BB98E5F31D3D23CF00683672 /* ttFriendTrendsVc.m */; };
		BB98E65F1D3D23CF00683672 /* ttFriendTrendsVc.xib in Resources */ = {isa = PBXBuildFile; fileRef = BB98E5F41D3D23CF00683672 /* ttFriendTrendsVc.xib */; };
		BB98E6601D3D23CF00683672 /* ttRecommendVc.m in Sources */ = {isa = PBXBuildFile; fileRef = BB98E5F61D3D23CF00683672 /* ttRecommendVc.m */; };
		BB98E6611D3D23CF00683672 /* ttRecommendVc.xib in Resources */ = {isa = PBXBuildFile; fileRef = BB98E5F71D3D23CF00683672 /* ttRecommendVc.xib */; };
		BB98E6621D3D23CF00683672 /* ttRecommendCategory.m in Sources */ = {isa = PBXBuildFile; fileRef = BB98E5FA1D3D23CF00683672 /* ttRecommendCategory.m */; };
		BB98E6631D3D23CF00683672 /* ttRecommendUser.m in Sources */ = {isa = PBXBuildFile; fileRef = BB98E5FC1D3D23CF00683672 /* ttRecommendUser.m */; };
		BB98E6641D3D23CF00683672 /* ttRecommendCategoryCell.m in Sources */ = {isa = PBXBuildFile; fileRef = BB98E5FF1D3D23CF00683672 /* ttRecommendCategoryCell.m */; };
		BB98E6651D3D23CF00683672 /* ttRecommendCategoryCell.xib in Resources */ = {isa = PBXBuildFile; fileRef = BB98E6001D3D23CF00683672 /* ttRecommendCategoryCell.xib */; };
		BB98E6661D3D23CF00683672 /* ttRecommendUserCell.m in Sources */ = {isa = PBXBuildFile; fileRef = BB98E6021D3D23CF00683672 /* ttRecommendUserCell.m */; };
		BB98E6671D3D23CF00683672 /* ttRecommendUserCell.xib in Resources */ = {isa = PBXBuildFile; fileRef = BB98E6031D3D23CF00683672 /* ttRecommendUserCell.xib */; };
		BB98E6831D3D23CF00683672 /* UIBarButtonItem+ttExtension.m in Sources */ = {isa = PBXBuildFile; fileRef = BB98E6431D3D23CF00683672 /* UIBarButtonItem+ttExtension.m */; };
		BB98E6841D3D23CF00683672 /* UIView+ttExtension.m in Sources */ = {isa = PBXBuildFile; fileRef = BB98E6451D3D23CF00683672 /* UIView+ttExtension.m */; };
		BB98E6851D3D23CF00683672 /* ttNavigationController.m in Sources */ = {isa = PBXBuildFile; fileRef = BB98E6481D3D23CF00683672 /* ttNavigationController.m */; };
		BB98E6861D3D23CF00683672 /* ttTabBarController.m in Sources */ = {isa = PBXBuildFile; fileRef = BB98E64A1D3D23CF00683672 /* ttTabBarController.m */; };
		BB98E6871D3D23CF00683672 /* Foundation+Log.m in Sources */ = {isa = PBXBuildFile; fileRef = BB98E64B1D3D23CF00683672 /* Foundation+Log.m */; };
		BB98E6881D3D23CF00683672 /* ttTabBar.m in Sources */ = {isa = PBXBuildFile; fileRef = BB98E6501D3D23CF00683672 /* ttTabBar.m */; };
		BB98E6891D3D23CF00683672 /* ttMeVc.m in Sources */ = {isa = PBXBuildFile; fileRef = BB98E6541D3D23CF00683672 /* ttMeVc.m */; };
		BB98E68A1D3D23CF00683672 /* ttNewVc.m in Sources */ = {isa = PBXBuildFile; fileRef = BB98E65A1D3D23CF00683672 /* ttNewVc.m */; };
		BB98E68D1D3D24BF00683672 /* AppDelegate.m in Sources */ = {isa = PBXBuildFile; fileRef = BB98E68C1D3D24BF00683672 /* AppDelegate.m */; };
		BB98E6F51D3E1A4200683672 /* ttRecommendTagsVc.m in Sources */ = {isa = PBXBuildFile; fileRef = BB98E6F41D3E1A4200683672 /* ttRecommendTagsVc.m */; };
		BBB86F291D41F5B300C8DA3A /* ttVerticalButton.m in Sources */ = {isa = PBXBuildFile; fileRef = BBB86F281D41F5B300C8DA3A /* ttVerticalButton.m */; };
		BBB86F2C1D41F6DD00C8DA3A /* ttTextField.m in Sources */ = {isa = PBXBuildFile; fileRef = BBB86F2B1D41F6DD00C8DA3A /* ttTextField.m */; };
		BBC134F01D3B5565007C052B /* main.m in Sources */ = {isa = PBXBuildFile; fileRef = BBC134EF1D3B5565007C052B /* main.m */; };
		BBC9D0CD1D4849F700691628 /* ttPublishView.xib in Resources */ = {isa = PBXBuildFile; fileRef = BBC9D0CC1D4849F700691628 /* ttPublishView.xib */; };
		BBE210381D45E44D00A39858 /* ttRecommendTag.m in Sources */ = {isa = PBXBuildFile; fileRef = BBE210371D45E44D00A39858 /* ttRecommendTag.m */; };
		BBE2103F1D45E46400A39858 /* ttRecommendTagCell.m in Sources */ = {isa = PBXBuildFile; fileRef = BBE2103B1D45E46400A39858 /* ttRecommendTagCell.m */; };
		BBE210401D45E46400A39858 /* ttRecommendTagCell.xib in Resources */ = {isa = PBXBuildFile; fileRef = BBE2103C1D45E46400A39858 /* ttRecommendTagCell.xib */; };
		BBE210441D45E56F00A39858 /* ttTopicVc.m in Sources */ = {isa = PBXBuildFile; fileRef = BBE210431D45E56F00A39858 /* ttTopicVc.m */; };
		BBE210481D45E58F00A39858 /* ttTopicCell.m in Sources */ = {isa = PBXBuildFile; fileRef = BBE210461D45E58F00A39858 /* ttTopicCell.m */; };
		BBE2104C1D45E60F00A39858 /* ttTopic.m in Sources */ = {isa = PBXBuildFile; fileRef = BBE2104B1D45E60F00A39858 /* ttTopic.m */; };
		BBE210521D45EB5A00A39858 /* ttConst.m in Sources */ = {isa = PBXBuildFile; fileRef = BBE210511D45EB5A00A39858 /* ttConst.m */; };
		BBE210581D45EF8E00A39858 /* NSDate+ttExtension.m in Sources */ = {isa = PBXBuildFile; fileRef = BBE210571D45EF8E00A39858 /* NSDate+ttExtension.m */; };
		BBE2105C1D45FB8400A39858 /* Assets.xcassets in Resources */ = {isa = PBXBuildFile; fileRef = BBE2105B1D45FB8400A39858 /* Assets.xcassets */; };
		BBE2105E1D46026C00A39858 /* ttTopicCell.xib in Resources */ = {isa = PBXBuildFile; fileRef = BBE2105D1D46026C00A39858 /* ttTopicCell.xib */; };
		BBE210611D4602D200A39858 /* ttTopicPictureView.m in Sources */ = {isa = PBXBuildFile; fileRef = BBE210601D4602D200A39858 /* ttTopicPictureView.m */; };
		BBE210671D4603EB00A39858 /* ttShowPictureVc.m in Sources */ = {isa = PBXBuildFile; fileRef = BBE210651D4603EB00A39858 /* ttShowPictureVc.m */; };
		BBE2106B1D46041D00A39858 /* ttProgressView.m in Sources */ = {isa = PBXBuildFile; fileRef = BBE2106A1D46041D00A39858 /* ttProgressView.m */; };
		BBE210741D46058700A39858 /* ttTopicPictureView.xib in Resources */ = {isa = PBXBuildFile; fileRef = BBE210731D46058700A39858 /* ttTopicPictureView.xib */; };
		BBE210761D4606E900A39858 /* ttShowPictureVc.xib in Resources */ = {isa = PBXBuildFile; fileRef = BBE210751D4606E900A39858 /* ttShowPictureVc.xib */; };
		BBE2107A1D461A4C00A39858 /* ttPublishView.m in Sources */ = {isa = PBXBuildFile; fileRef = BBE210781D461A4C00A39858 /* ttPublishView.m */; };
/* End PBXBuildFile section */

/* Begin PBXFileReference section */
		54DD8F08FE893BF3F05A8641 /* libPods-bsbdj.a */ = {isa = PBXFileReference; explicitFileType = archive.ar; includeInIndex = 0; path = "libPods-bsbdj.a"; sourceTree = BUILT_PRODUCTS_DIR; };
		BB0538301D40D4C500840432 /* ttLoginRegisterVc.h */ = {isa = PBXFileReference; fileEncoding = 4; lastKnownFileType = sourcecode.c.h; path = ttLoginRegisterVc.h; sourceTree = "<group>"; };
		BB0538311D40D4C500840432 /* ttLoginRegisterVc.m */ = {isa = PBXFileReference; fileEncoding = 4; lastKnownFileType = sourcecode.c.objc; path = ttLoginRegisterVc.m; sourceTree = "<group>"; };
		BB0538321D40D4C500840432 /* ttLoginRegisterVc.xib */ = {isa = PBXFileReference; fileEncoding = 4; lastKnownFileType = file.xib; path = ttLoginRegisterVc.xib; sourceTree = "<group>"; };
		BB0D2A2B1D3F644400C66D3D /* ttGuideView.h */ = {isa = PBXFileReference; fileEncoding = 4; lastKnownFileType = sourcecode.c.h; path = ttGuideView.h; sourceTree = "<group>"; };
		BB0D2A2C1D3F644400C66D3D /* ttGuideView.m */ = {isa = PBXFileReference; fileEncoding = 4; lastKnownFileType = sourcecode.c.objc; path = ttGuideView.m; sourceTree = "<group>"; };
		BB0D2A301D3F647500C66D3D /* ttGuideView.xib */ = {isa = PBXFileReference; fileEncoding = 4; lastKnownFileType = file.xib; path = ttGuideView.xib; sourceTree = "<group>"; };
		BB98E5EC1D3D23CF00683672 /* ttEssenceVc.h */ = {isa = PBXFileReference; fileEncoding = 4; lastKnownFileType = sourcecode.c.h; path = ttEssenceVc.h; sourceTree = "<group>"; };
		BB98E5ED1D3D23CF00683672 /* ttEssenceVc.m */ = {isa = PBXFileReference; fileEncoding = 4; lastKnownFileType = sourcecode.c.objc; path = ttEssenceVc.m; sourceTree = "<group>"; };
		BB98E5F21D3D23CF00683672 /* ttFriendTrendsVc.h */ = {isa = PBXFileReference; fileEncoding = 4; lastKnownFileType = sourcecode.c.h; path = ttFriendTrendsVc.h; sourceTree = "<group>"; };
		BB98E5F31D3D23CF00683672 /* ttFriendTrendsVc.m */ = {isa = PBXFileReference; fileEncoding = 4; lastKnownFileType = sourcecode.c.objc; path = ttFriendTrendsVc.m; sourceTree = "<group>"; };
		BB98E5F41D3D23CF00683672 /* ttFriendTrendsVc.xib */ = {isa = PBXFileReference; fileEncoding = 4; lastKnownFileType = file.xib; path = ttFriendTrendsVc.xib; sourceTree = "<group>"; };
		BB98E5F51D3D23CF00683672 /* ttRecommendVc.h */ = {isa = PBXFileReference; fileEncoding = 4; lastKnownFileType = sourcecode.c.h; path = ttRecommendVc.h; sourceTree = "<group>"; };
		BB98E5F61D3D23CF00683672 /* ttRecommendVc.m */ = {isa = PBXFileReference; fileEncoding = 4; lastKnownFileType = sourcecode.c.objc; path = ttRecommendVc.m; sourceTree = "<group>"; };
		BB98E5F71D3D23CF00683672 /* ttRecommendVc.xib */ = {isa = PBXFileReference; fileEncoding = 4; lastKnownFileType = file.xib; path = ttRecommendVc.xib; sourceTree = "<group>"; };
		BB98E5F91D3D23CF00683672 /* ttRecommendCategory.h */ = {isa = PBXFileReference; fileEncoding = 4; lastKnownFileType = sourcecode.c.h; path = ttRecommendCategory.h; sourceTree = "<group>"; };
		BB98E5FA1D3D23CF00683672 /* ttRecommendCategory.m */ = {isa = PBXFileReference; fileEncoding = 4; lastKnownFileType = sourcecode.c.objc; path = ttRecommendCategory.m; sourceTree = "<group>"; };
		BB98E5FB1D3D23CF00683672 /* ttRecommendUser.h */ = {isa = PBXFileReference; fileEncoding = 4; lastKnownFileType = sourcecode.c.h; path = ttRecommendUser.h; sourceTree = "<group>"; };
		BB98E5FC1D3D23CF00683672 /* ttRecommendUser.m */ = {isa = PBXFileReference; fileEncoding = 4; lastKnownFileType = sourcecode.c.objc; path = ttRecommendUser.m; sourceTree = "<group>"; };
		BB98E5FE1D3D23CF00683672 /* ttRecommendCategoryCell.h */ = {isa = PBXFileReference; fileEncoding = 4; lastKnownFileType = sourcecode.c.h; path = ttRecommendCategoryCell.h; sourceTree = "<group>"; };
		BB98E5FF1D3D23CF00683672 /* ttRecommendCategoryCell.m */ = {isa = PBXFileReference; fileEncoding = 4; lastKnownFileType = sourcecode.c.objc; path = ttRecommendCategoryCell.m; sourceTree = "<group>"; };
		BB98E6001D3D23CF00683672 /* ttRecommendCategoryCell.xib */ = {isa = PBXFileReference; fileEncoding = 4; lastKnownFileType = file.xib; path = ttRecommendCategoryCell.xib; sourceTree = "<group>"; };
		BB98E6011D3D23CF00683672 /* ttRecommendUserCell.h */ = {isa = PBXFileReference; fileEncoding = 4; lastKnownFileType = sourcecode.c.h; path = ttRecommendUserCell.h; sourceTree = "<group>"; };
		BB98E6021D3D23CF00683672 /* ttRecommendUserCell.m */ = {isa = PBXFileReference; fileEncoding = 4; lastKnownFileType = sourcecode.c.objc; path = ttRecommendUserCell.m; sourceTree = "<group>"; };
		BB98E6031D3D23CF00683672 /* ttRecommendUserCell.xib */ = {isa = PBXFileReference; fileEncoding = 4; lastKnownFileType = file.xib; path = ttRecommendUserCell.xib; sourceTree = "<group>"; };
		BB98E6421D3D23CF00683672 /* UIBarButtonItem+ttExtension.h */ = {isa = PBXFileReference; fileEncoding = 4; lastKnownFileType = sourcecode.c.h; path = "UIBarButtonItem+ttExtension.h"; sourceTree = "<group>"; };
		BB98E6431D3D23CF00683672 /* UIBarButtonItem+ttExtension.m */ = {isa = PBXFileReference; fileEncoding = 4; lastKnownFileType = sourcecode.c.objc; path = "UIBarButtonItem+ttExtension.m"; sourceTree = "<group>"; };
		BB98E6441D3D23CF00683672 /* UIView+ttExtension.h */ = {isa = PBXFileReference; fileEncoding = 4; lastKnownFileType = sourcecode.c.h; path = "UIView+ttExtension.h"; sourceTree = "<group>"; };
		BB98E6451D3D23CF00683672 /* UIView+ttExtension.m */ = {isa = PBXFileReference; fileEncoding = 4; lastKnownFileType = sourcecode.c.objc; path = "UIView+ttExtension.m"; sourceTree = "<group>"; };
		BB98E6471D3D23CF00683672 /* ttNavigationController.h */ = {isa = PBXFileReference; fileEncoding = 4; lastKnownFileType = sourcecode.c.h; path = ttNavigationController.h; sourceTree = "<group>"; };
		BB98E6481D3D23CF00683672 /* ttNavigationController.m */ = {isa = PBXFileReference; fileEncoding = 4; lastKnownFileType = sourcecode.c.objc; path = ttNavigationController.m; sourceTree = "<group>"; };
		BB98E6491D3D23CF00683672 /* ttTabBarController.h */ = {isa = PBXFileReference; fileEncoding = 4; lastKnownFileType = sourcecode.c.h; path = ttTabBarController.h; sourceTree = "<group>"; };
		BB98E64A1D3D23CF00683672 /* ttTabBarController.m */ = {isa = PBXFileReference; fileEncoding = 4; lastKnownFileType = sourcecode.c.objc; path = ttTabBarController.m; sourceTree = "<group>"; };
		BB98E64B1D3D23CF00683672 /* Foundation+Log.m */ = {isa = PBXFileReference; fileEncoding = 4; lastKnownFileType = sourcecode.c.objc; path = "Foundation+Log.m"; sourceTree = "<group>"; };
		BB98E64D1D3D23CF00683672 /* PrefixHeader.pch */ = {isa = PBXFileReference; fileEncoding = 4; lastKnownFileType = sourcecode.c.h; path = PrefixHeader.pch; sourceTree = "<group>"; };
		BB98E64F1D3D23CF00683672 /* ttTabBar.h */ = {isa = PBXFileReference; fileEncoding = 4; lastKnownFileType = sourcecode.c.h; path = ttTabBar.h; sourceTree = "<group>"; };
		BB98E6501D3D23CF00683672 /* ttTabBar.m */ = {isa = PBXFileReference; fileEncoding = 4; lastKnownFileType = sourcecode.c.objc; path = ttTabBar.m; sourceTree = "<group>"; };
		BB98E6531D3D23CF00683672 /* ttMeVc.h */ = {isa = PBXFileReference; fileEncoding = 4; lastKnownFileType = sourcecode.c.h; path = ttMeVc.h; sourceTree = "<group>"; };
		BB98E6541D3D23CF00683672 /* ttMeVc.m */ = {isa = PBXFileReference; fileEncoding = 4; lastKnownFileType = sourcecode.c.objc; path = ttMeVc.m; sourceTree = "<group>"; };
		BB98E6591D3D23CF00683672 /* ttNewVc.h */ = {isa = PBXFileReference; fileEncoding = 4; lastKnownFileType = sourcecode.c.h; path = ttNewVc.h; sourceTree = "<group>"; };
		BB98E65A1D3D23CF00683672 /* ttNewVc.m */ = {isa = PBXFileReference; fileEncoding = 4; lastKnownFileType = sourcecode.c.objc; path = ttNewVc.m; sourceTree = "<group>"; };
		BB98E68B1D3D24BF00683672 /* AppDelegate.h */ = {isa = PBXFileReference; fileEncoding = 4; lastKnownFileType = sourcecode.c.h; path = AppDelegate.h; sourceTree = "<group>"; };
		BB98E68C1D3D24BF00683672 /* AppDelegate.m */ = {isa = PBXFileReference; fileEncoding = 4; lastKnownFileType = sourcecode.c.objc; path = AppDelegate.m; sourceTree = "<group>"; };
		BB98E6F31D3E1A4200683672 /* ttRecommendTagsVc.h */ = {isa = PBXFileReference; fileEncoding = 4; lastKnownFileType = sourcecode.c.h; path = ttRecommendTagsVc.h; sourceTree = "<group>"; };
		BB98E6F41D3E1A4200683672 /* ttRecommendTagsVc.m */ = {isa = PBXFileReference; fileEncoding = 4; lastKnownFileType = sourcecode.c.objc; path = ttRecommendTagsVc.m; sourceTree = "<group>"; };
		BBA55477C782EBFCF4AC5720 /* Pods-bsbdj.release.xcconfig */ = {isa = PBXFileReference; includeInIndex = 1; lastKnownFileType = text.xcconfig; name = "Pods-bsbdj.release.xcconfig"; path = "Pods/Target Support Files/Pods-bsbdj/Pods-bsbdj.release.xcconfig"; sourceTree = "<group>"; };
		BBB86F271D41F5B300C8DA3A /* ttVerticalButton.h */ = {isa = PBXFileReference; fileEncoding = 4; lastKnownFileType = sourcecode.c.h; path = ttVerticalButton.h; sourceTree = "<group>"; };
		BBB86F281D41F5B300C8DA3A /* ttVerticalButton.m */ = {isa = PBXFileReference; fileEncoding = 4; lastKnownFileType = sourcecode.c.objc; path = ttVerticalButton.m; sourceTree = "<group>"; };
		BBB86F2A1D41F6DD00C8DA3A /* ttTextField.h */ = {isa = PBXFileReference; fileEncoding = 4; lastKnownFileType = sourcecode.c.h; path = ttTextField.h; sourceTree = "<group>"; };
		BBB86F2B1D41F6DD00C8DA3A /* ttTextField.m */ = {isa = PBXFileReference; fileEncoding = 4; lastKnownFileType = sourcecode.c.objc; path = ttTextField.m; sourceTree = "<group>"; };
		BBC134EB1D3B5565007C052B /* bsbdj.app */ = {isa = PBXFileReference; explicitFileType = wrapper.application; includeInIndex = 0; path = bsbdj.app; sourceTree = BUILT_PRODUCTS_DIR; };
		BBC134EF1D3B5565007C052B /* main.m */ = {isa = PBXFileReference; lastKnownFileType = sourcecode.c.objc; path = main.m; sourceTree = "<group>"; };
		BBC134FF1D3B5565007C052B /* Info.plist */ = {isa = PBXFileReference; lastKnownFileType = text.plist.xml; path = Info.plist; sourceTree = "<group>"; };
		BBC9D0CC1D4849F700691628 /* ttPublishView.xib */ = {isa = PBXFileReference; fileEncoding = 4; lastKnownFileType = file.xib; path = ttPublishView.xib; sourceTree = "<group>"; };
		BBE210361D45E44D00A39858 /* ttRecommendTag.h */ = {isa = PBXFileReference; fileEncoding = 4; lastKnownFileType = sourcecode.c.h; path = ttRecommendTag.h; sourceTree = "<group>"; };
		BBE210371D45E44D00A39858 /* ttRecommendTag.m */ = {isa = PBXFileReference; fileEncoding = 4; lastKnownFileType = sourcecode.c.objc; path = ttRecommendTag.m; sourceTree = "<group>"; };
		BBE2103A1D45E46400A39858 /* ttRecommendTagCell.h */ = {isa = PBXFileReference; fileEncoding = 4; lastKnownFileType = sourcecode.c.h; path = ttRecommendTagCell.h; sourceTree = "<group>"; };
		BBE2103B1D45E46400A39858 /* ttRecommendTagCell.m */ = {isa = PBXFileReference; fileEncoding = 4; lastKnownFileType = sourcecode.c.objc; path = ttRecommendTagCell.m; sourceTree = "<group>"; };
		BBE2103C1D45E46400A39858 /* ttRecommendTagCell.xib */ = {isa = PBXFileReference; fileEncoding = 4; lastKnownFileType = file.xib; path = ttRecommendTagCell.xib; sourceTree = "<group>"; };
		BBE210421D45E56F00A39858 /* ttTopicVc.h */ = {isa = PBXFileReference; fileEncoding = 4; lastKnownFileType = sourcecode.c.h; path = ttTopicVc.h; sourceTree = "<group>"; };
		BBE210431D45E56F00A39858 /* ttTopicVc.m */ = {isa = PBXFileReference; fileEncoding = 4; lastKnownFileType = sourcecode.c.objc; path = ttTopicVc.m; sourceTree = "<group>"; };
		BBE210451D45E58F00A39858 /* ttTopicCell.h */ = {isa = PBXFileReference; fileEncoding = 4; lastKnownFileType = sourcecode.c.h; path = ttTopicCell.h; sourceTree = "<group>"; };
		BBE210461D45E58F00A39858 /* ttTopicCell.m */ = {isa = PBXFileReference; fileEncoding = 4; lastKnownFileType = sourcecode.c.objc; path = ttTopicCell.m; sourceTree = "<group>"; };
		BBE2104A1D45E60F00A39858 /* ttTopic.h */ = {isa = PBXFileReference; fileEncoding = 4; lastKnownFileType = sourcecode.c.h; path = ttTopic.h; sourceTree = "<group>"; };
		BBE2104B1D45E60F00A39858 /* ttTopic.m */ = {isa = PBXFileReference; fileEncoding = 4; lastKnownFileType = sourcecode.c.objc; path = ttTopic.m; sourceTree = "<group>"; };
		BBE210501D45EB5A00A39858 /* ttConst.h */ = {isa = PBXFileReference; fileEncoding = 4; lastKnownFileType = sourcecode.c.h; path = ttConst.h; sourceTree = "<group>"; };
		BBE210511D45EB5A00A39858 /* ttConst.m */ = {isa = PBXFileReference; fileEncoding = 4; lastKnownFileType = sourcecode.c.objc; path = ttConst.m; sourceTree = "<group>"; };
		BBE210561D45EF8E00A39858 /* NSDate+ttExtension.h */ = {isa = PBXFileReference; fileEncoding = 4; lastKnownFileType = sourcecode.c.h; path = "NSDate+ttExtension.h"; sourceTree = "<group>"; };
		BBE210571D45EF8E00A39858 /* NSDate+ttExtension.m */ = {isa = PBXFileReference; fileEncoding = 4; lastKnownFileType = sourcecode.c.objc; path = "NSDate+ttExtension.m"; sourceTree = "<group>"; };
		BBE2105B1D45FB8400A39858 /* Assets.xcassets */ = {isa = PBXFileReference; lastKnownFileType = folder.assetcatalog; path = Assets.xcassets; sourceTree = "<group>"; };
		BBE2105D1D46026C00A39858 /* ttTopicCell.xib */ = {isa = PBXFileReference; fileEncoding = 4; lastKnownFileType = file.xib; path = ttTopicCell.xib; sourceTree = "<group>"; };
		BBE2105F1D4602D200A39858 /* ttTopicPictureView.h */ = {isa = PBXFileReference; fileEncoding = 4; lastKnownFileType = sourcecode.c.h; path = ttTopicPictureView.h; sourceTree = "<group>"; };
		BBE210601D4602D200A39858 /* ttTopicPictureView.m */ = {isa = PBXFileReference; fileEncoding = 4; lastKnownFileType = sourcecode.c.objc; path = ttTopicPictureView.m; sourceTree = "<group>"; };
		BBE210641D4603EB00A39858 /* ttShowPictureVc.h */ = {isa = PBXFileReference; fileEncoding = 4; lastKnownFileType = sourcecode.c.h; path = ttShowPictureVc.h; sourceTree = "<group>"; };
		BBE210651D4603EB00A39858 /* ttShowPictureVc.m */ = {isa = PBXFileReference; fileEncoding = 4; lastKnownFileType = sourcecode.c.objc; path = ttShowPictureVc.m; sourceTree = "<group>"; };
		BBE210691D46041D00A39858 /* ttProgressView.h */ = {isa = PBXFileReference; fileEncoding = 4; lastKnownFileType = sourcecode.c.h; path = ttProgressView.h; sourceTree = "<group>"; };
		BBE2106A1D46041D00A39858 /* ttProgressView.m */ = {isa = PBXFileReference; fileEncoding = 4; lastKnownFileType = sourcecode.c.objc; path = ttProgressView.m; sourceTree = "<group>"; };
		BBE210731D46058700A39858 /* ttTopicPictureView.xib */ = {isa = PBXFileReference; fileEncoding = 4; lastKnownFileType = file.xib; path = ttTopicPictureView.xib; sourceTree = "<group>"; };
		BBE210751D4606E900A39858 /* ttShowPictureVc.xib */ = {isa = PBXFileReference; fileEncoding = 4; lastKnownFileType = file.xib; path = ttShowPictureVc.xib; sourceTree = "<group>"; };
		BBE210771D461A4C00A39858 /* ttPublishView.h */ = {isa = PBXFileReference; fileEncoding = 4; lastKnownFileType = sourcecode.c.h; path = ttPublishView.h; sourceTree = "<group>"; };
		BBE210781D461A4C00A39858 /* ttPublishView.m */ = {isa = PBXFileReference; fileEncoding = 4; lastKnownFileType = sourcecode.c.objc; path = ttPublishView.m; sourceTree = "<group>"; };
		EBA854FF7CD1D2F0849DAE53 /* Pods-bsbdj.debug.xcconfig */ = {isa = PBXFileReference; includeInIndex = 1; lastKnownFileType = text.xcconfig; name = "Pods-bsbdj.debug.xcconfig"; path = "Pods/Target Support Files/Pods-bsbdj/Pods-bsbdj.debug.xcconfig"; sourceTree = "<group>"; };
/* End PBXFileReference section */

/* Begin PBXFrameworksBuildPhase section */
		BBC134E81D3B5565007C052B /* Frameworks */ = {
			isa = PBXFrameworksBuildPhase;
			buildActionMask = 2147483647;
			files = (
				58176602B680B4A609C9ACDF /* libPods-bsbdj.a in Frameworks */,
			);
			runOnlyForDeploymentPostprocessing = 0;
		};
/* End PBXFrameworksBuildPhase section */

/* Begin PBXGroup section */
		00EE1C83331C271252C644DC /* Pods */ = {
			isa = PBXGroup;
			children = (
				EBA854FF7CD1D2F0849DAE53 /* Pods-bsbdj.debug.xcconfig */,
				BBA55477C782EBFCF4AC5720 /* Pods-bsbdj.release.xcconfig */,
			);
			name = Pods;
			sourceTree = "<group>";
		};
		32A5902AB53BCB104EF7C56E /* Frameworks */ = {
			isa = PBXGroup;
			children = (
				54DD8F08FE893BF3F05A8641 /* libPods-bsbdj.a */,
			);
			name = Frameworks;
			sourceTree = "<group>";
		};
		BB98E5E91D3D23CF00683672 /* Classes */ = {
			isa = PBXGroup;
			children = (
				BB98E6401D3D23CF00683672 /* Main */,
				BB98E5EA1D3D23CF00683672 /* Essence */,
				BB98E6571D3D23CF00683672 /* New */,
				BB98E5F01D3D23CF00683672 /* FriendTrends */,
				BB98E6511D3D23CF00683672 /* Me */,
			);
			path = Classes;
			sourceTree = "<group>";
		};
		BB98E5EA1D3D23CF00683672 /* Essence */ = {
			isa = PBXGroup;
			children = (
				BB98E5EB1D3D23CF00683672 /* Controller */,
				BBE210391D45E46400A39858 /* View */,
				BBE210351D45E44D00A39858 /* Model */,
			);
			path = Essence;
			sourceTree = "<group>";
		};
		BB98E5EB1D3D23CF00683672 /* Controller */ = {
			isa = PBXGroup;
			children = (
				BB98E5EC1D3D23CF00683672 /* ttEssenceVc.h */,
				BB98E5ED1D3D23CF00683672 /* ttEssenceVc.m */,
				BB98E6F31D3E1A4200683672 /* ttRecommendTagsVc.h */,
				BB98E6F41D3E1A4200683672 /* ttRecommendTagsVc.m */,
				BBE210421D45E56F00A39858 /* ttTopicVc.h */,
				BBE210431D45E56F00A39858 /* ttTopicVc.m */,
				BBE210641D4603EB00A39858 /* ttShowPictureVc.h */,
				BBE210651D4603EB00A39858 /* ttShowPictureVc.m */,
				BBE210751D4606E900A39858 /* ttShowPictureVc.xib */,
			);
			path = Controller;
			sourceTree = "<group>";
		};
		BB98E5F01D3D23CF00683672 /* FriendTrends */ = {
			isa = PBXGroup;
			children = (
				BB98E5F11D3D23CF00683672 /* Controller */,
				BB98E5F81D3D23CF00683672 /* Model */,
				BB98E5FD1D3D23CF00683672 /* View */,
			);
			path = FriendTrends;
			sourceTree = "<group>";
		};
		BB98E5F11D3D23CF00683672 /* Controller */ = {
			isa = PBXGroup;
			children = (
				BB98E5F21D3D23CF00683672 /* ttFriendTrendsVc.h */,
				BB98E5F31D3D23CF00683672 /* ttFriendTrendsVc.m */,
				BB98E5F41D3D23CF00683672 /* ttFriendTrendsVc.xib */,
				BB0538301D40D4C500840432 /* ttLoginRegisterVc.h */,
				BB0538311D40D4C500840432 /* ttLoginRegisterVc.m */,
				BB0538321D40D4C500840432 /* ttLoginRegisterVc.xib */,
				BB98E5F51D3D23CF00683672 /* ttRecommendVc.h */,
				BB98E5F61D3D23CF00683672 /* ttRecommendVc.m */,
				BB98E5F71D3D23CF00683672 /* ttRecommendVc.xib */,
			);
			path = Controller;
			sourceTree = "<group>";
		};
		BB98E5F81D3D23CF00683672 /* Model */ = {
			isa = PBXGroup;
			children = (
				BB98E5F91D3D23CF00683672 /* ttRecommendCategory.h */,
				BB98E5FA1D3D23CF00683672 /* ttRecommendCategory.m */,
				BB98E5FB1D3D23CF00683672 /* ttRecommendUser.h */,
				BB98E5FC1D3D23CF00683672 /* ttRecommendUser.m */,
			);
			path = Model;
			sourceTree = "<group>";
		};
		BB98E5FD1D3D23CF00683672 /* View */ = {
			isa = PBXGroup;
			children = (
				BB98E5FE1D3D23CF00683672 /* ttRecommendCategoryCell.h */,
				BB98E5FF1D3D23CF00683672 /* ttRecommendCategoryCell.m */,
				BB98E6001D3D23CF00683672 /* ttRecommendCategoryCell.xib */,
				BB98E6011D3D23CF00683672 /* ttRecommendUserCell.h */,
				BB98E6021D3D23CF00683672 /* ttRecommendUserCell.m */,
				BB98E6031D3D23CF00683672 /* ttRecommendUserCell.xib */,
				BBB86F271D41F5B300C8DA3A /* ttVerticalButton.h */,
				BBB86F281D41F5B300C8DA3A /* ttVerticalButton.m */,
				BBB86F2A1D41F6DD00C8DA3A /* ttTextField.h */,
				BBB86F2B1D41F6DD00C8DA3A /* ttTextField.m */,
			);
			path = View;
			sourceTree = "<group>";
		};
		BB98E6401D3D23CF00683672 /* Main */ = {
			isa = PBXGroup;
			children = (
				BB98E64B1D3D23CF00683672 /* Foundation+Log.m */,
				BB98E64D1D3D23CF00683672 /* PrefixHeader.pch */,
				BBE210501D45EB5A00A39858 /* ttConst.h */,
				BBE210511D45EB5A00A39858 /* ttConst.m */,
				BB98E6411D3D23CF00683672 /* Category */,
				BB98E6461D3D23CF00683672 /* Controller */,
				BB98E64C1D3D23CF00683672 /* Model */,
				BB98E64E1D3D23CF00683672 /* View */,
			);
			path = Main;
			sourceTree = "<group>";
		};
		BB98E6411D3D23CF00683672 /* Category */ = {
			isa = PBXGroup;
			children = (
				BB98E6421D3D23CF00683672 /* UIBarButtonItem+ttExtension.h */,
				BB98E6431D3D23CF00683672 /* UIBarButtonItem+ttExtension.m */,
				BB98E6441D3D23CF00683672 /* UIView+ttExtension.h */,
				BB98E6451D3D23CF00683672 /* UIView+ttExtension.m */,
				BBE210561D45EF8E00A39858 /* NSDate+ttExtension.h */,
				BBE210571D45EF8E00A39858 /* NSDate+ttExtension.m */,
			);
			path = Category;
			sourceTree = "<group>";
		};
		BB98E6461D3D23CF00683672 /* Controller */ = {
			isa = PBXGroup;
			children = (
				BB98E6471D3D23CF00683672 /* ttNavigationController.h */,
				BB98E6481D3D23CF00683672 /* ttNavigationController.m */,
				BB98E6491D3D23CF00683672 /* ttTabBarController.h */,
				BB98E64A1D3D23CF00683672 /* ttTabBarController.m */,
				BBE210771D461A4C00A39858 /* ttPublishView.h */,
				BBE210781D461A4C00A39858 /* ttPublishView.m */,
				BBC9D0CC1D4849F700691628 /* ttPublishView.xib */,
			);
			path = Controller;
			sourceTree = "<group>";
		};
		BB98E64C1D3D23CF00683672 /* Model */ = {
			isa = PBXGroup;
			children = (
			);
			path = Model;
			sourceTree = "<group>";
		};
		BB98E64E1D3D23CF00683672 /* View */ = {
			isa = PBXGroup;
			children = (
				BB98E64F1D3D23CF00683672 /* ttTabBar.h */,
				BB98E6501D3D23CF00683672 /* ttTabBar.m */,
				BB0D2A2B1D3F644400C66D3D /* ttGuideView.h */,
				BB0D2A2C1D3F644400C66D3D /* ttGuideView.m */,
				BB0D2A301D3F647500C66D3D /* ttGuideView.xib */,
			);
			path = View;
			sourceTree = "<group>";
		};
		BB98E6511D3D23CF00683672 /* Me */ = {
			isa = PBXGroup;
			children = (
				BB98E6521D3D23CF00683672 /* Controller */,
				BB98E6551D3D23CF00683672 /* Model */,
				BB98E6561D3D23CF00683672 /* View */,
			);
			path = Me;
			sourceTree = "<group>";
		};
		BB98E6521D3D23CF00683672 /* Controller */ = {
			isa = PBXGroup;
			children = (
				BB98E6531D3D23CF00683672 /* ttMeVc.h */,
				BB98E6541D3D23CF00683672 /* ttMeVc.m */,
			);
			path = Controller;
			sourceTree = "<group>";
		};
		BB98E6551D3D23CF00683672 /* Model */ = {
			isa = PBXGroup;
			children = (
			);
			path = Model;
			sourceTree = "<group>";
		};
		BB98E6561D3D23CF00683672 /* View */ = {
			isa = PBXGroup;
			children = (
			);
			path = View;
			sourceTree = "<group>";
		};
		BB98E6571D3D23CF00683672 /* New */ = {
			isa = PBXGroup;
			children = (
				BB98E6581D3D23CF00683672 /* Controller */,
				BB98E65B1D3D23CF00683672 /* Model */,
				BB98E65C1D3D23CF00683672 /* View */,
			);
			path = New;
			sourceTree = "<group>";
		};
		BB98E6581D3D23CF00683672 /* Controller */ = {
			isa = PBXGroup;
			children = (
				BB98E6591D3D23CF00683672 /* ttNewVc.h */,
				BB98E65A1D3D23CF00683672 /* ttNewVc.m */,
			);
			path = Controller;
			sourceTree = "<group>";
		};
		BB98E65B1D3D23CF00683672 /* Model */ = {
			isa = PBXGroup;
			children = (
			);
			path = Model;
			sourceTree = "<group>";
		};
		BB98E65C1D3D23CF00683672 /* View */ = {
			isa = PBXGroup;
			children = (
			);
			path = View;
			sourceTree = "<group>";
		};
		BBC134E21D3B5565007C052B = {
			isa = PBXGroup;
			children = (
				BBC134ED1D3B5565007C052B /* bsbdj */,
				BBC134EC1D3B5565007C052B /* Products */,
				00EE1C83331C271252C644DC /* Pods */,
				32A5902AB53BCB104EF7C56E /* Frameworks */,
			);
			sourceTree = "<group>";
		};
		BBC134EC1D3B5565007C052B /* Products */ = {
			isa = PBXGroup;
			children = (
				BBC134EB1D3B5565007C052B /* bsbdj.app */,
			);
			name = Products;
			sourceTree = "<group>";
		};
		BBC134ED1D3B5565007C052B /* bsbdj */ = {
			isa = PBXGroup;
			children = (
				BB98E5E91D3D23CF00683672 /* Classes */,
				BBC134EE1D3B5565007C052B /* Supporting Files */,
			);
			path = bsbdj;
			sourceTree = "<group>";
		};
		BBC134EE1D3B5565007C052B /* Supporting Files */ = {
			isa = PBXGroup;
			children = (
				BBE2105B1D45FB8400A39858 /* Assets.xcassets */,
				BB98E68B1D3D24BF00683672 /* AppDelegate.h */,
				BB98E68C1D3D24BF00683672 /* AppDelegate.m */,
				BBC134FF1D3B5565007C052B /* Info.plist */,
				BBC134EF1D3B5565007C052B /* main.m */,
			);
			name = "Supporting Files";
			sourceTree = "<group>";
		};
		BBE210351D45E44D00A39858 /* Model */ = {
			isa = PBXGroup;
			children = (
				BBE210361D45E44D00A39858 /* ttRecommendTag.h */,
				BBE210371D45E44D00A39858 /* ttRecommendTag.m */,
				BBE2104A1D45E60F00A39858 /* ttTopic.h */,
				BBE2104B1D45E60F00A39858 /* ttTopic.m */,
			);
			path = Model;
			sourceTree = "<group>";
		};
		BBE210391D45E46400A39858 /* View */ = {
			isa = PBXGroup;
			children = (
				BBE2103A1D45E46400A39858 /* ttRecommendTagCell.h */,
				BBE2103B1D45E46400A39858 /* ttRecommendTagCell.m */,
				BBE2103C1D45E46400A39858 /* ttRecommendTagCell.xib */,
				BBE210451D45E58F00A39858 /* ttTopicCell.h */,
				BBE210461D45E58F00A39858 /* ttTopicCell.m */,
				BBE2105D1D46026C00A39858 /* ttTopicCell.xib */,
				BBE2105F1D4602D200A39858 /* ttTopicPictureView.h */,
				BBE210601D4602D200A39858 /* ttTopicPictureView.m */,
				BBE210731D46058700A39858 /* ttTopicPictureView.xib */,
				BBE210691D46041D00A39858 /* ttProgressView.h */,
				BBE2106A1D46041D00A39858 /* ttProgressView.m */,
			);
			path = View;
			sourceTree = "<group>";
		};
/* End PBXGroup section */

/* Begin PBXNativeTarget section */
		BBC134EA1D3B5565007C052B /* bsbdj */ = {
			isa = PBXNativeTarget;
			buildConfigurationList = BBC135021D3B5565007C052B /* Build configuration list for PBXNativeTarget "bsbdj" */;
			buildPhases = (
				603011033A4FF310E32C5B21 /* [CP] Check Pods Manifest.lock */,
				BBC134E71D3B5565007C052B /* Sources */,
				BBC134E81D3B5565007C052B /* Frameworks */,
				BBC134E91D3B5565007C052B /* Resources */,
				D86F522ACAAF7BC02AC3236D /* [CP] Embed Pods Frameworks */,
				C50FDCB4DC4F540E818FB2DF /* [CP] Copy Pods Resources */,
			);
			buildRules = (
			);
			dependencies = (
			);
			name = bsbdj;
			productName = bsbdj;
			productReference = BBC134EB1D3B5565007C052B /* bsbdj.app */;
			productType = "com.apple.product-type.application";
		};
/* End PBXNativeTarget section */

/* Begin PBXProject section */
		BBC134E31D3B5565007C052B /* Project object */ = {
			isa = PBXProject;
			attributes = {
				CLASSPREFIX = tt;
				LastUpgradeCheck = 0730;
				ORGANIZATIONNAME = wata;
				TargetAttributes = {
					BBC134EA1D3B5565007C052B = {
						CreatedOnToolsVersion = 7.3.1;
						DevelopmentTeam = V788WRP8WH;
					};
				};
			};
			buildConfigurationList = BBC134E61D3B5565007C052B /* Build configuration list for PBXProject "bsbdj" */;
			compatibilityVersion = "Xcode 3.2";
			developmentRegion = English;
			hasScannedForEncodings = 0;
			knownRegions = (
				en,
				Base,
			);
			mainGroup = BBC134E21D3B5565007C052B;
			productRefGroup = BBC134EC1D3B5565007C052B /* Products */;
			projectDirPath = "";
			projectRoot = "";
			targets = (
				BBC134EA1D3B5565007C052B /* bsbdj */,
			);
		};
/* End PBXProject section */

/* Begin PBXResourcesBuildPhase section */
		BBC134E91D3B5565007C052B /* Resources */ = {
			isa = PBXResourcesBuildPhase;
			buildActionMask = 2147483647;
			files = (
				BB0538341D40D4C500840432 /* ttLoginRegisterVc.xib in Resources */,
				BB0D2A311D3F647500C66D3D /* ttGuideView.xib in Resources */,
				BBC9D0CD1D4849F700691628 /* ttPublishView.xib in Resources */,
				BB98E6651D3D23CF00683672 /* ttRecommendCategoryCell.xib in Resources */,
				BB98E65F1D3D23CF00683672 /* ttFriendTrendsVc.xib in Resources */,
				BB98E6611D3D23CF00683672 /* ttRecommendVc.xib in Resources */,
				BBE210741D46058700A39858 /* ttTopicPictureView.xib in Resources */,
				BB98E6671D3D23CF00683672 /* ttRecommendUserCell.xib in Resources */,
				BBE2105E1D46026C00A39858 /* ttTopicCell.xib in Resources */,
				BBE210401D45E46400A39858 /* ttRecommendTagCell.xib in Resources */,
				BBE210761D4606E900A39858 /* ttShowPictureVc.xib in Resources */,
				BBE2105C1D45FB8400A39858 /* Assets.xcassets in Resources */,
			);
			runOnlyForDeploymentPostprocessing = 0;
		};
/* End PBXResourcesBuildPhase section */

/* Begin PBXShellScriptBuildPhase section */
		603011033A4FF310E32C5B21 /* [CP] Check Pods Manifest.lock */ = {
			isa = PBXShellScriptBuildPhase;
			buildActionMask = 2147483647;
			files = (
			);
			inputPaths = (
			);
			name = "[CP] Check Pods Manifest.lock";
			outputPaths = (
			);
			runOnlyForDeploymentPostprocessing = 0;
			shellPath = /bin/sh;
			shellScript = "diff \"${PODS_ROOT}/../Podfile.lock\" \"${PODS_ROOT}/Manifest.lock\" > /dev/null\nif [[ $? != 0 ]] ; then\n    cat << EOM\nerror: The sandbox is not in sync with the Podfile.lock. Run 'pod install' or update your CocoaPods installation.\nEOM\n    exit 1\nfi\n";
			showEnvVarsInLog = 0;
		};
		C50FDCB4DC4F540E818FB2DF /* [CP] Copy Pods Resources */ = {
			isa = PBXShellScriptBuildPhase;
			buildActionMask = 2147483647;
			files = (
			);
			inputPaths = (
			);
			name = "[CP] Copy Pods Resources";
			outputPaths = (
			);
			runOnlyForDeploymentPostprocessing = 0;
			shellPath = /bin/sh;
			shellScript = "\"${SRCROOT}/Pods/Target Support Files/Pods-bsbdj/Pods-bsbdj-resources.sh\"\n";
			showEnvVarsInLog = 0;
		};
		D86F522ACAAF7BC02AC3236D /* [CP] Embed Pods Frameworks */ = {
			isa = PBXShellScriptBuildPhase;
			buildActionMask = 2147483647;
			files = (
			);
			inputPaths = (
			);
			name = "[CP] Embed Pods Frameworks";
			outputPaths = (
			);
			runOnlyForDeploymentPostprocessing = 0;
			shellPath = /bin/sh;
			shellScript = "\"${SRCROOT}/Pods/Target Support Files/Pods-bsbdj/Pods-bsbdj-frameworks.sh\"\n";
			showEnvVarsInLog = 0;
		};
/* End PBXShellScriptBuildPhase section */

/* Begin PBXSourcesBuildPhase section */
		BBC134E71D3B5565007C052B /* Sources */ = {
			isa = PBXSourcesBuildPhase;
			buildActionMask = 2147483647;
			files = (
				BBB86F2C1D41F6DD00C8DA3A /* ttTextField.m in Sources */,
				BBB86F291D41F5B300C8DA3A /* ttVerticalButton.m in Sources */,
				BB98E65E1D3D23CF00683672 /* ttFriendTrendsVc.m in Sources */,
				BBE2104C1D45E60F00A39858 /* ttTopic.m in Sources */,
				BB0538331D40D4C500840432 /* ttLoginRegisterVc.m in Sources */,
				BB98E6661D3D23CF00683672 /* ttRecommendUserCell.m in Sources */,
				BB98E68A1D3D23CF00683672 /* ttNewVc.m in Sources */,
				BBE210381D45E44D00A39858 /* ttRecommendTag.m in Sources */,
				BB98E6891D3D23CF00683672 /* ttMeVc.m in Sources */,
				BBE210481D45E58F00A39858 /* ttTopicCell.m in Sources */,
				BB98E6F51D3E1A4200683672 /* ttRecommendTagsVc.m in Sources */,
				BB98E6631D3D23CF00683672 /* ttRecommendUser.m in Sources */,
				BB0D2A2D1D3F644400C66D3D /* ttGuideView.m in Sources */,
				BB98E6601D3D23CF00683672 /* ttRecommendVc.m in Sources */,
				BBE210581D45EF8E00A39858 /* NSDate+ttExtension.m in Sources */,
				BB98E6851D3D23CF00683672 /* ttNavigationController.m in Sources */,
				BBC134F01D3B5565007C052B /* main.m in Sources */,
				BB98E68D1D3D24BF00683672 /* AppDelegate.m in Sources */,
				BB98E6831D3D23CF00683672 /* UIBarButtonItem+ttExtension.m in Sources */,
				BBE2103F1D45E46400A39858 /* ttRecommendTagCell.m in Sources */,
				BB98E6871D3D23CF00683672 /* Foundation+Log.m in Sources */,
				BB98E6881D3D23CF00683672 /* ttTabBar.m in Sources */,
				BBE210521D45EB5A00A39858 /* ttConst.m in Sources */,
				BBE2106B1D46041D00A39858 /* ttProgressView.m in Sources */,
				BBE210611D4602D200A39858 /* ttTopicPictureView.m in Sources */,
				BB98E6641D3D23CF00683672 /* ttRecommendCategoryCell.m in Sources */,
				BB98E6841D3D23CF00683672 /* UIView+ttExtension.m in Sources */,
				BB98E6621D3D23CF00683672 /* ttRecommendCategory.m in Sources */,
				BB98E6861D3D23CF00683672 /* ttTabBarController.m in Sources */,
				BBE210671D4603EB00A39858 /* ttShowPictureVc.m in Sources */,
				BBE210441D45E56F00A39858 /* ttTopicVc.m in Sources */,
				BBE2107A1D461A4C00A39858 /* ttPublishView.m in Sources */,
				BB98E65D1D3D23CF00683672 /* ttEssenceVc.m in Sources */,
			);
			runOnlyForDeploymentPostprocessing = 0;
		};
/* End PBXSourcesBuildPhase section */

/* Begin XCBuildConfiguration section */
		BBC135001D3B5565007C052B /* Debug */ = {
			isa = XCBuildConfiguration;
			buildSettings = {
				ALWAYS_SEARCH_USER_PATHS = NO;
				CLANG_ANALYZER_NONNULL = YES;
				CLANG_CXX_LANGUAGE_STANDARD = "gnu++0x";
				CLANG_CXX_LIBRARY = "libc++";
				CLANG_ENABLE_MODULES = YES;
				CLANG_ENABLE_OBJC_ARC = YES;
				CLANG_WARN_BOOL_CONVERSION = YES;
				CLANG_WARN_CONSTANT_CONVERSION = YES;
				CLANG_WARN_DIRECT_OBJC_ISA_USAGE = YES_ERROR;
				CLANG_WARN_EMPTY_BODY = YES;
				CLANG_WARN_ENUM_CONVERSION = YES;
				CLANG_WARN_INT_CONVERSION = YES;
				CLANG_WARN_OBJC_ROOT_CLASS = YES_ERROR;
				CLANG_WARN_UNREACHABLE_CODE = YES;
				CLANG_WARN__DUPLICATE_METHOD_MATCH = YES;
				"CODE_SIGN_IDENTITY[sdk=iphoneos*]" = "iPhone Developer";
				COPY_PHASE_STRIP = NO;
				DEBUG_INFORMATION_FORMAT = dwarf;
				ENABLE_STRICT_OBJC_MSGSEND = YES;
				ENABLE_TESTABILITY = YES;
				GCC_C_LANGUAGE_STANDARD = gnu99;
				GCC_DYNAMIC_NO_PIC = NO;
				GCC_NO_COMMON_BLOCKS = YES;
				GCC_OPTIMIZATION_LEVEL = 0;
				GCC_PREFIX_HEADER = ./bsbdj/Classes/Main/PrefixHeader.pch;
				GCC_PREPROCESSOR_DEFINITIONS = (
					"DEBUG=1",
					"$(inherited)",
				);
				GCC_WARN_64_TO_32_BIT_CONVERSION = YES;
				GCC_WARN_ABOUT_RETURN_TYPE = YES_ERROR;
				GCC_WARN_UNDECLARED_SELECTOR = YES;
				GCC_WARN_UNINITIALIZED_AUTOS = YES_AGGRESSIVE;
				GCC_WARN_UNUSED_FUNCTION = YES;
				GCC_WARN_UNUSED_VARIABLE = YES;
				IPHONEOS_DEPLOYMENT_TARGET = 9.3;
				MTL_ENABLE_DEBUG_INFO = YES;
				ONLY_ACTIVE_ARCH = YES;
				SDKROOT = iphoneos;
			};
			name = Debug;
		};
		BBC135011D3B5565007C052B /* Release */ = {
			isa = XCBuildConfiguration;
			buildSettings = {
				ALWAYS_SEARCH_USER_PATHS = NO;
				CLANG_ANALYZER_NONNULL = YES;
				CLANG_CXX_LANGUAGE_STANDARD = "gnu++0x";
				CLANG_CXX_LIBRARY = "libc++";
				CLANG_ENABLE_MODULES = YES;
				CLANG_ENABLE_OBJC_ARC = YES;
				CLANG_WARN_BOOL_CONVERSION = YES;
				CLANG_WARN_CONSTANT_CONVERSION = YES;
				CLANG_WARN_DIRECT_OBJC_ISA_USAGE = YES_ERROR;
				CLANG_WARN_EMPTY_BODY = YES;
				CLANG_WARN_ENUM_CONVERSION = YES;
				CLANG_WARN_INT_CONVERSION = YES;
				CLANG_WARN_OBJC_ROOT_CLASS = YES_ERROR;
				CLANG_WARN_UNREACHABLE_CODE = YES;
				CLANG_WARN__DUPLICATE_METHOD_MATCH = YES;
				"CODE_SIGN_IDENTITY[sdk=iphoneos*]" = "iPhone Developer";
				COPY_PHASE_STRIP = NO;
				DEBUG_INFORMATION_FORMAT = "dwarf-with-dsym";
				ENABLE_NS_ASSERTIONS = NO;
				ENABLE_STRICT_OBJC_MSGSEND = YES;
				GCC_C_LANGUAGE_STANDARD = gnu99;
				GCC_NO_COMMON_BLOCKS = YES;
				GCC_PREFIX_HEADER = ./bsbdj/Classes/Main/PrefixHeader.pch;
				GCC_WARN_64_TO_32_BIT_CONVERSION = YES;
				GCC_WARN_ABOUT_RETURN_TYPE = YES_ERROR;
				GCC_WARN_UNDECLARED_SELECTOR = YES;
				GCC_WARN_UNINITIALIZED_AUTOS = YES_AGGRESSIVE;
				GCC_WARN_UNUSED_FUNCTION = YES;
				GCC_WARN_UNUSED_VARIABLE = YES;
				IPHONEOS_DEPLOYMENT_TARGET = 9.3;
				MTL_ENABLE_DEBUG_INFO = NO;
				SDKROOT = iphoneos;
				VALIDATE_PRODUCT = YES;
			};
			name = Release;
		};
		BBC135031D3B5565007C052B /* Debug */ = {
			isa = XCBuildConfiguration;
			baseConfigurationReference = EBA854FF7CD1D2F0849DAE53 /* Pods-bsbdj.debug.xcconfig */;
			buildSettings = {
				ASSETCATALOG_COMPILER_APPICON_NAME = AppIcon;
				ASSETCATALOG_COMPILER_LAUNCHIMAGE_NAME = "Brand Assets";
				INFOPLIST_FILE = bsbdj/Info.plist;
				LD_RUNPATH_SEARCH_PATHS = "$(inherited) @executable_path/Frameworks";
				PRODUCT_BUNDLE_IDENTIFIER = com.wata.bsbdj;
				PRODUCT_NAME = "$(TARGET_NAME)";
			};
			name = Debug;
		};
		BBC135041D3B5565007C052B /* Release */ = {
			isa = XCBuildConfiguration;
			baseConfigurationReference = BBA55477C782EBFCF4AC5720 /* Pods-bsbdj.release.xcconfig */;
			buildSettings = {
				ASSETCATALOG_COMPILER_APPICON_NAME = AppIcon;
				ASSETCATALOG_COMPILER_LAUNCHIMAGE_NAME = "Brand Assets";
				INFOPLIST_FILE = bsbdj/Info.plist;
				LD_RUNPATH_SEARCH_PATHS = "$(inherited) @executable_path/Frameworks";
				PRODUCT_BUNDLE_IDENTIFIER = com.wata.bsbdj;
				PRODUCT_NAME = "$(TARGET_NAME)";
			};
			name = Release;
		};
/* End XCBuildConfiguration section */

/* Begin XCConfigurationList section */
		BBC134E61D3B5565007C052B /* Build configuration list for PBXProject "bsbdj" */ = {
			isa = XCConfigurationList;
			buildConfigurations = (
				BBC135001D3B5565007C052B /* Debug */,
				BBC135011D3B5565007C052B /* Release */,
			);
			defaultConfigurationIsVisible = 0;
			defaultConfigurationName = Release;
		};
		BBC135021D3B5565007C052B /* Build configuration list for PBXNativeTarget "bsbdj" */ = {
			isa = XCConfigurationList;
			buildConfigurations = (
				BBC135031D3B5565007C052B /* Debug */,
				BBC135041D3B5565007C052B /* Release */,
			);
			defaultConfigurationIsVisible = 0;
			defaultConfigurationName = Release;
		};
/* End XCConfigurationList section */
	};
	rootObject = BBC134E31D3B5565007C052B /* Project object */;
}
