// !$*UTF8*$!
{
	archiveVersion = 1;
	classes = {
	};
	objectVersion = 46;
	objects = {

/* Begin PBXBuildFile section */
		BB0538331D40D4C500840432 /* ttLoginRegisterVc.m in Sources */ = {isa = PBXBuildFile; fileRef = BB0538311D40D4C500840432 /* ttLoginRegisterVc.m */; };
		BB0538341D40D4C500840432 /* ttLoginRegisterVc.xib in Resources */ = {isa = PBXBuildFile; fileRef = BB0538321D40D4C500840432 /* ttLoginRegisterVc.xib */; };
		BB0D2A2D1D3F644400C66D3D /* ttGuideView.m in Sources */ = {isa = PBXBuildFile; fileRef = BB0D2A2C1D3F644400C66D3D /* ttGuideView.m */; };
		BB0D2A311D3F647500C66D3D /* ttGuideView.xib in Resources */ = {isa = PBXBuildFile; fileRef = BB0D2A301D3F647500C66D3D /* ttGuideView.xib */; };
		BB98E65D1D3D23CF00683672 /* ttEssenceVc.m in Sources */ = {isa = PBXBuildFile; fileRef = BB98E5ED1D3D23CF00683672 /* ttEssenceVc.m */; };
		BB98E65E1D3D23CF00683672 /* ttFriendTrendsVc.m in Sources */ = {isa = PBXBuildFile; fileRef = BB98E5F31D3D23CF00683672 /* ttFriendTrendsVc.m */; };
		BB98E65F1D3D23CF00683672 /* ttFriendTrendsVc.xib in Resources */ = {isa = PBXBuildFile; fileRef = BB98E5F41D3D23CF00683672 /* ttFriendTrendsVc.xib */; };
		BB98E6601D3D23CF00683672 /* ttRecommendVc.m in Sources */ = {isa = PBXBuildFile; fileRef = BB98E5F61D3D23CF00683672 /* ttRecommendVc.m */; };
		BB98E6611D3D23CF00683672 /* ttRecommendVc.xib in Resources */ = {isa = PBXBuildFile; fileRef = BB98E5F71D3D23CF00683672 /* ttRecommendVc.xib */; };
		BB98E6621D3D23CF00683672 /* ttRecommendCategory.m in Sources */ = {isa = PBXBuildFile; fileRef = BB98E5FA1D3D23CF00683672 /* ttRecommendCategory.m */; };
		BB98E6631D3D23CF00683672 /* ttRecommendUser.m in Sources */ = {isa = PBXBuildFile; fileRef = BB98E5FC1D3D23CF00683672 /* ttRecommendUser.m */; };
		BB98E6641D3D23CF00683672 /* ttRecommendCategoryCell.m in Sources */ = {isa = PBXBuildFile; fileRef = BB98E5FF1D3D23CF00683672 /* ttRecommendCategoryCell.m */; };
		BB98E6651D3D23CF00683672 /* ttRecommendCategoryCell.xib in Resources */ = {isa = PBXBuildFile; fileRef = BB98E6001D3D23CF00683672 /* ttRecommendCategoryCell.xib */; };
		BB98E6661D3D23CF00683672 /* ttRecommendUserCell.m in Sources */ = {isa = PBXBuildFile; fileRef = BB98E6021D3D23CF00683672 /* ttRecommendUserCell.m */; };
		BB98E6671D3D23CF00683672 /* ttRecommendUserCell.xib in Resources */ = {isa = PBXBuildFile; fileRef = BB98E6031D3D23CF00683672 /* ttRecommendUserCell.xib */; };
		BB98E6681D3D23CF00683672 /* AFHTTPSessionManager.m in Sources */ = {isa = PBXBuildFile; fileRef = BB98E6071D3D23CF00683672 /* AFHTTPSessionManager.m */; };
		BB98E6691D3D23CF00683672 /* AFNetworkReachabilityManager.m in Sources */ = {isa = PBXBuildFile; fileRef = BB98E60A1D3D23CF00683672 /* AFNetworkReachabilityManager.m */; };
		BB98E66A1D3D23CF00683672 /* AFSecurityPolicy.m in Sources */ = {isa = PBXBuildFile; fileRef = BB98E60C1D3D23CF00683672 /* AFSecurityPolicy.m */; };
		BB98E66B1D3D23CF00683672 /* AFURLRequestSerialization.m in Sources */ = {isa = PBXBuildFile; fileRef = BB98E60E1D3D23CF00683672 /* AFURLRequestSerialization.m */; };
		BB98E66C1D3D23CF00683672 /* AFURLResponseSerialization.m in Sources */ = {isa = PBXBuildFile; fileRef = BB98E6101D3D23CF00683672 /* AFURLResponseSerialization.m */; };
		BB98E66D1D3D23CF00683672 /* AFURLSessionManager.m in Sources */ = {isa = PBXBuildFile; fileRef = BB98E6121D3D23CF00683672 /* AFURLSessionManager.m */; };
		BB98E66E1D3D23CF00683672 /* MKAnnotationView+WebCache.m in Sources */ = {isa = PBXBuildFile; fileRef = BB98E6151D3D23CF00683672 /* MKAnnotationView+WebCache.m */; };
		BB98E66F1D3D23CF00683672 /* NSData+ImageContentType.m in Sources */ = {isa = PBXBuildFile; fileRef = BB98E6171D3D23CF00683672 /* NSData+ImageContentType.m */; };
		BB98E6701D3D23CF00683672 /* SDImageCache.m in Sources */ = {isa = PBXBuildFile; fileRef = BB98E6191D3D23CF00683672 /* SDImageCache.m */; };
		BB98E6711D3D23CF00683672 /* SDWebImageCompat.m in Sources */ = {isa = PBXBuildFile; fileRef = BB98E61B1D3D23CF00683672 /* SDWebImageCompat.m */; };
		BB98E6721D3D23CF00683672 /* SDWebImageDecoder.m in Sources */ = {isa = PBXBuildFile; fileRef = BB98E61D1D3D23CF00683672 /* SDWebImageDecoder.m */; };
		BB98E6731D3D23CF00683672 /* SDWebImageDownloader.m in Sources */ = {isa = PBXBuildFile; fileRef = BB98E61F1D3D23CF00683672 /* SDWebImageDownloader.m */; };
		BB98E6741D3D23CF00683672 /* SDWebImageDownloaderOperation.m in Sources */ = {isa = PBXBuildFile; fileRef = BB98E6211D3D23CF00683672 /* SDWebImageDownloaderOperation.m */; };
		BB98E6751D3D23CF00683672 /* SDWebImageManager.m in Sources */ = {isa = PBXBuildFile; fileRef = BB98E6231D3D23CF00683672 /* SDWebImageManager.m */; };
		BB98E6761D3D23CF00683672 /* SDWebImagePrefetcher.m in Sources */ = {isa = PBXBuildFile; fileRef = BB98E6261D3D23CF00683672 /* SDWebImagePrefetcher.m */; };
		BB98E6771D3D23CF00683672 /* UIButton+WebCache.m in Sources */ = {isa = PBXBuildFile; fileRef = BB98E6281D3D23CF00683672 /* UIButton+WebCache.m */; };
		BB98E6781D3D23CF00683672 /* UIImage+GIF.m in Sources */ = {isa = PBXBuildFile; fileRef = BB98E62A1D3D23CF00683672 /* UIImage+GIF.m */; };
		BB98E6791D3D23CF00683672 /* UIImage+MultiFormat.m in Sources */ = {isa = PBXBuildFile; fileRef = BB98E62C1D3D23CF00683672 /* UIImage+MultiFormat.m */; };
		BB98E67A1D3D23CF00683672 /* UIImage+WebP.m in Sources */ = {isa = PBXBuildFile; fileRef = BB98E62E1D3D23CF00683672 /* UIImage+WebP.m */; };
		BB98E67B1D3D23CF00683672 /* UIImageView+HighlightedWebCache.m in Sources */ = {isa = PBXBuildFile; fileRef = BB98E6301D3D23CF00683672 /* UIImageView+HighlightedWebCache.m */; };
		BB98E67C1D3D23CF00683672 /* UIImageView+WebCache.m in Sources */ = {isa = PBXBuildFile; fileRef = BB98E6321D3D23CF00683672 /* UIImageView+WebCache.m */; };
		BB98E67D1D3D23CF00683672 /* UIView+WebCacheOperation.m in Sources */ = {isa = PBXBuildFile; fileRef = BB98E6341D3D23CF00683672 /* UIView+WebCacheOperation.m */; };
		BB98E67E1D3D23CF00683672 /* SVIndefiniteAnimatedView.m in Sources */ = {isa = PBXBuildFile; fileRef = BB98E6371D3D23CF00683672 /* SVIndefiniteAnimatedView.m */; };
		BB98E67F1D3D23CF00683672 /* SVProgressAnimatedView.m in Sources */ = {isa = PBXBuildFile; fileRef = BB98E6391D3D23CF00683672 /* SVProgressAnimatedView.m */; };
		BB98E6801D3D23CF00683672 /* SVProgressHUD.bundle in Resources */ = {isa = PBXBuildFile; fileRef = BB98E63B1D3D23CF00683672 /* SVProgressHUD.bundle */; };
		BB98E6811D3D23CF00683672 /* SVProgressHUD.m in Sources */ = {isa = PBXBuildFile; fileRef = BB98E63D1D3D23CF00683672 /* SVProgressHUD.m */; };
		BB98E6821D3D23CF00683672 /* SVRadialGradientLayer.m in Sources */ = {isa = PBXBuildFile; fileRef = BB98E63F1D3D23CF00683672 /* SVRadialGradientLayer.m */; };
		BB98E6831D3D23CF00683672 /* UIBarButtonItem+ttExtension.m in Sources */ = {isa = PBXBuildFile; fileRef = BB98E6431D3D23CF00683672 /* UIBarButtonItem+ttExtension.m */; };
		BB98E6841D3D23CF00683672 /* UIView+ttExtension.m in Sources */ = {isa = PBXBuildFile; fileRef = BB98E6451D3D23CF00683672 /* UIView+ttExtension.m */; };
		BB98E6851D3D23CF00683672 /* ttNavigationController.m in Sources */ = {isa = PBXBuildFile; fileRef = BB98E6481D3D23CF00683672 /* ttNavigationController.m */; };
		BB98E6861D3D23CF00683672 /* ttTabBarController.m in Sources */ = {isa = PBXBuildFile; fileRef = BB98E64A1D3D23CF00683672 /* ttTabBarController.m */; };
		BB98E6871D3D23CF00683672 /* Foundation+Log.m in Sources */ = {isa = PBXBuildFile; fileRef = BB98E64B1D3D23CF00683672 /* Foundation+Log.m */; };
		BB98E6881D3D23CF00683672 /* ttTabBar.m in Sources */ = {isa = PBXBuildFile; fileRef = BB98E6501D3D23CF00683672 /* ttTabBar.m */; };
		BB98E6891D3D23CF00683672 /* ttMeVc.m in Sources */ = {isa = PBXBuildFile; fileRef = BB98E6541D3D23CF00683672 /* ttMeVc.m */; };
		BB98E68A1D3D23CF00683672 /* ttNewVc.m in Sources */ = {isa = PBXBuildFile; fileRef = BB98E65A1D3D23CF00683672 /* ttNewVc.m */; };
		BB98E68D1D3D24BF00683672 /* AppDelegate.m in Sources */ = {isa = PBXBuildFile; fileRef = BB98E68C1D3D24BF00683672 /* AppDelegate.m */; };
		BB98E6A51D3E0D9A00683672 /* Info.plist in Resources */ = {isa = PBXBuildFile; fileRef = BB98E68F1D3E0D9A00683672 /* Info.plist */; };
		BB98E6A61D3E0D9A00683672 /* MJExtensionConst.m in Sources */ = {isa = PBXBuildFile; fileRef = BB98E6921D3E0D9A00683672 /* MJExtensionConst.m */; };
		BB98E6A71D3E0D9A00683672 /* MJFoundation.m in Sources */ = {isa = PBXBuildFile; fileRef = BB98E6941D3E0D9A00683672 /* MJFoundation.m */; };
		BB98E6A81D3E0D9A00683672 /* MJProperty.m in Sources */ = {isa = PBXBuildFile; fileRef = BB98E6961D3E0D9A00683672 /* MJProperty.m */; };
		BB98E6A91D3E0D9A00683672 /* MJPropertyKey.m in Sources */ = {isa = PBXBuildFile; fileRef = BB98E6981D3E0D9A00683672 /* MJPropertyKey.m */; };
		BB98E6AA1D3E0D9A00683672 /* MJPropertyType.m in Sources */ = {isa = PBXBuildFile; fileRef = BB98E69A1D3E0D9A00683672 /* MJPropertyType.m */; };
		BB98E6AB1D3E0D9A00683672 /* NSObject+MJClass.m in Sources */ = {isa = PBXBuildFile; fileRef = BB98E69C1D3E0D9A00683672 /* NSObject+MJClass.m */; };
		BB98E6AC1D3E0D9A00683672 /* NSObject+MJCoding.m in Sources */ = {isa = PBXBuildFile; fileRef = BB98E69E1D3E0D9A00683672 /* NSObject+MJCoding.m */; };
		BB98E6AD1D3E0D9A00683672 /* NSObject+MJKeyValue.m in Sources */ = {isa = PBXBuildFile; fileRef = BB98E6A01D3E0D9A00683672 /* NSObject+MJKeyValue.m */; };
		BB98E6AE1D3E0D9A00683672 /* NSObject+MJProperty.m in Sources */ = {isa = PBXBuildFile; fileRef = BB98E6A21D3E0D9A00683672 /* NSObject+MJProperty.m */; };
		BB98E6AF1D3E0D9A00683672 /* NSString+MJExtension.m in Sources */ = {isa = PBXBuildFile; fileRef = BB98E6A41D3E0D9A00683672 /* NSString+MJExtension.m */; };
		BB98E6DF1D3E0DB200683672 /* MJRefreshAutoFooter.m in Sources */ = {isa = PBXBuildFile; fileRef = BB98E6B31D3E0DB200683672 /* MJRefreshAutoFooter.m */; };
		BB98E6E01D3E0DB200683672 /* MJRefreshBackFooter.m in Sources */ = {isa = PBXBuildFile; fileRef = BB98E6B51D3E0DB200683672 /* MJRefreshBackFooter.m */; };
		BB98E6E11D3E0DB200683672 /* MJRefreshComponent.m in Sources */ = {isa = PBXBuildFile; fileRef = BB98E6B71D3E0DB200683672 /* MJRefreshComponent.m */; };
		BB98E6E21D3E0DB200683672 /* MJRefreshFooter.m in Sources */ = {isa = PBXBuildFile; fileRef = BB98E6B91D3E0DB200683672 /* MJRefreshFooter.m */; };
		BB98E6E31D3E0DB200683672 /* MJRefreshHeader.m in Sources */ = {isa = PBXBuildFile; fileRef = BB98E6BB1D3E0DB200683672 /* MJRefreshHeader.m */; };
		BB98E6E41D3E0DB200683672 /* MJRefreshAutoGifFooter.m in Sources */ = {isa = PBXBuildFile; fileRef = BB98E6C01D3E0DB200683672 /* MJRefreshAutoGifFooter.m */; };
		BB98E6E51D3E0DB200683672 /* MJRefreshAutoNormalFooter.m in Sources */ = {isa = PBXBuildFile; fileRef = BB98E6C21D3E0DB200683672 /* MJRefreshAutoNormalFooter.m */; };
		BB98E6E61D3E0DB200683672 /* MJRefreshAutoStateFooter.m in Sources */ = {isa = PBXBuildFile; fileRef = BB98E6C41D3E0DB200683672 /* MJRefreshAutoStateFooter.m */; };
		BB98E6E71D3E0DB200683672 /* MJRefreshBackGifFooter.m in Sources */ = {isa = PBXBuildFile; fileRef = BB98E6C71D3E0DB200683672 /* MJRefreshBackGifFooter.m */; };
		BB98E6E81D3E0DB200683672 /* MJRefreshBackNormalFooter.m in Sources */ = {isa = PBXBuildFile; fileRef = BB98E6C91D3E0DB200683672 /* MJRefreshBackNormalFooter.m */; };
		BB98E6E91D3E0DB200683672 /* MJRefreshBackStateFooter.m in Sources */ = {isa = PBXBuildFile; fileRef = BB98E6CB1D3E0DB200683672 /* MJRefreshBackStateFooter.m */; };
		BB98E6EA1D3E0DB200683672 /* MJRefreshGifHeader.m in Sources */ = {isa = PBXBuildFile; fileRef = BB98E6CE1D3E0DB200683672 /* MJRefreshGifHeader.m */; };
		BB98E6EB1D3E0DB200683672 /* MJRefreshNormalHeader.m in Sources */ = {isa = PBXBuildFile; fileRef = BB98E6D01D3E0DB200683672 /* MJRefreshNormalHeader.m */; };
		BB98E6EC1D3E0DB200683672 /* MJRefreshStateHeader.m in Sources */ = {isa = PBXBuildFile; fileRef = BB98E6D21D3E0DB200683672 /* MJRefreshStateHeader.m */; };
		BB98E6ED1D3E0DB200683672 /* MJRefresh.bundle in Resources */ = {isa = PBXBuildFile; fileRef = BB98E6D31D3E0DB200683672 /* MJRefresh.bundle */; };
		BB98E6EE1D3E0DB200683672 /* MJRefreshConst.m in Sources */ = {isa = PBXBuildFile; fileRef = BB98E6D61D3E0DB200683672 /* MJRefreshConst.m */; };
		BB98E6EF1D3E0DB200683672 /* NSBundle+MJRefresh.m in Sources */ = {isa = PBXBuildFile; fileRef = BB98E6D81D3E0DB200683672 /* NSBundle+MJRefresh.m */; };
		BB98E6F01D3E0DB200683672 /* UIScrollView+MJExtension.m in Sources */ = {isa = PBXBuildFile; fileRef = BB98E6DA1D3E0DB200683672 /* UIScrollView+MJExtension.m */; };
		BB98E6F11D3E0DB200683672 /* UIScrollView+MJRefresh.m in Sources */ = {isa = PBXBuildFile; fileRef = BB98E6DC1D3E0DB200683672 /* UIScrollView+MJRefresh.m */; };
		BB98E6F21D3E0DB200683672 /* UIView+MJExtension.m in Sources */ = {isa = PBXBuildFile; fileRef = BB98E6DE1D3E0DB200683672 /* UIView+MJExtension.m */; };
		BB98E6F51D3E1A4200683672 /* ttRecommendTagsVc.m in Sources */ = {isa = PBXBuildFile; fileRef = BB98E6F41D3E1A4200683672 /* ttRecommendTagsVc.m */; };
		BBB86F291D41F5B300C8DA3A /* ttVerticalButton.m in Sources */ = {isa = PBXBuildFile; fileRef = BBB86F281D41F5B300C8DA3A /* ttVerticalButton.m */; };
		BBB86F2C1D41F6DD00C8DA3A /* ttTextField.m in Sources */ = {isa = PBXBuildFile; fileRef = BBB86F2B1D41F6DD00C8DA3A /* ttTextField.m */; };
		BBC134F01D3B5565007C052B /* main.m in Sources */ = {isa = PBXBuildFile; fileRef = BBC134EF1D3B5565007C052B /* main.m */; };
		BBC134FB1D3B5565007C052B /* Assets.xcassets in Resources */ = {isa = PBXBuildFile; fileRef = BBC134FA1D3B5565007C052B /* Assets.xcassets */; };
		BBE210381D45E44D00A39858 /* ttRecommendTag.m in Sources */ = {isa = PBXBuildFile; fileRef = BBE210371D45E44D00A39858 /* ttRecommendTag.m */; };
		BBE2103F1D45E46400A39858 /* ttRecommendTagCell.m in Sources */ = {isa = PBXBuildFile; fileRef = BBE2103B1D45E46400A39858 /* ttRecommendTagCell.m */; };
		BBE210401D45E46400A39858 /* ttRecommendTagCell.xib in Resources */ = {isa = PBXBuildFile; fileRef = BBE2103C1D45E46400A39858 /* ttRecommendTagCell.xib */; };
		BBE210441D45E56F00A39858 /* ttTopicVc.m in Sources */ = {isa = PBXBuildFile; fileRef = BBE210431D45E56F00A39858 /* ttTopicVc.m */; };
		BBE210481D45E58F00A39858 /* ttTopicCell.m in Sources */ = {isa = PBXBuildFile; fileRef = BBE210461D45E58F00A39858 /* ttTopicCell.m */; };
		BBE2104C1D45E60F00A39858 /* ttTopic.m in Sources */ = {isa = PBXBuildFile; fileRef = BBE2104B1D45E60F00A39858 /* ttTopic.m */; };
		BBE210521D45EB5A00A39858 /* ttConst.m in Sources */ = {isa = PBXBuildFile; fileRef = BBE210511D45EB5A00A39858 /* ttConst.m */; };
		BBE210581D45EF8E00A39858 /* NSDate+ttExtension.m in Sources */ = {isa = PBXBuildFile; fileRef = BBE210571D45EF8E00A39858 /* NSDate+ttExtension.m */; };
		BBE2105A1D45F09700A39858 /* ttTopicCell.xib in Resources */ = {isa = PBXBuildFile; fileRef = BBE210591D45F09700A39858 /* ttTopicCell.xib */; };
/* End PBXBuildFile section */

/* Begin PBXFileReference section */
		BB0538301D40D4C500840432 /* ttLoginRegisterVc.h */ = {isa = PBXFileReference; fileEncoding = 4; lastKnownFileType = sourcecode.c.h; path = ttLoginRegisterVc.h; sourceTree = "<group>"; };
		BB0538311D40D4C500840432 /* ttLoginRegisterVc.m */ = {isa = PBXFileReference; fileEncoding = 4; lastKnownFileType = sourcecode.c.objc; path = ttLoginRegisterVc.m; sourceTree = "<group>"; };
		BB0538321D40D4C500840432 /* ttLoginRegisterVc.xib */ = {isa = PBXFileReference; fileEncoding = 4; lastKnownFileType = file.xib; path = ttLoginRegisterVc.xib; sourceTree = "<group>"; };
		BB0D2A2B1D3F644400C66D3D /* ttGuideView.h */ = {isa = PBXFileReference; fileEncoding = 4; lastKnownFileType = sourcecode.c.h; path = ttGuideView.h; sourceTree = "<group>"; };
		BB0D2A2C1D3F644400C66D3D /* ttGuideView.m */ = {isa = PBXFileReference; fileEncoding = 4; lastKnownFileType = sourcecode.c.objc; path = ttGuideView.m; sourceTree = "<group>"; };
		BB0D2A301D3F647500C66D3D /* ttGuideView.xib */ = {isa = PBXFileReference; fileEncoding = 4; lastKnownFileType = file.xib; path = ttGuideView.xib; sourceTree = "<group>"; };
		BB98E5EC1D3D23CF00683672 /* ttEssenceVc.h */ = {isa = PBXFileReference; fileEncoding = 4; lastKnownFileType = sourcecode.c.h; path = ttEssenceVc.h; sourceTree = "<group>"; };
		BB98E5ED1D3D23CF00683672 /* ttEssenceVc.m */ = {isa = PBXFileReference; fileEncoding = 4; lastKnownFileType = sourcecode.c.objc; path = ttEssenceVc.m; sourceTree = "<group>"; };
		BB98E5F21D3D23CF00683672 /* ttFriendTrendsVc.h */ = {isa = PBXFileReference; fileEncoding = 4; lastKnownFileType = sourcecode.c.h; path = ttFriendTrendsVc.h; sourceTree = "<group>"; };
		BB98E5F31D3D23CF00683672 /* ttFriendTrendsVc.m */ = {isa = PBXFileReference; fileEncoding = 4; lastKnownFileType = sourcecode.c.objc; path = ttFriendTrendsVc.m; sourceTree = "<group>"; };
		BB98E5F41D3D23CF00683672 /* ttFriendTrendsVc.xib */ = {isa = PBXFileReference; fileEncoding = 4; lastKnownFileType = file.xib; path = ttFriendTrendsVc.xib; sourceTree = "<group>"; };
		BB98E5F51D3D23CF00683672 /* ttRecommendVc.h */ = {isa = PBXFileReference; fileEncoding = 4; lastKnownFileType = sourcecode.c.h; path = ttRecommendVc.h; sourceTree = "<group>"; };
		BB98E5F61D3D23CF00683672 /* ttRecommendVc.m */ = {isa = PBXFileReference; fileEncoding = 4; lastKnownFileType = sourcecode.c.objc; path = ttRecommendVc.m; sourceTree = "<group>"; };
		BB98E5F71D3D23CF00683672 /* ttRecommendVc.xib */ = {isa = PBXFileReference; fileEncoding = 4; lastKnownFileType = file.xib; path = ttRecommendVc.xib; sourceTree = "<group>"; };
		BB98E5F91D3D23CF00683672 /* ttRecommendCategory.h */ = {isa = PBXFileReference; fileEncoding = 4; lastKnownFileType = sourcecode.c.h; path = ttRecommendCategory.h; sourceTree = "<group>"; };
		BB98E5FA1D3D23CF00683672 /* ttRecommendCategory.m */ = {isa = PBXFileReference; fileEncoding = 4; lastKnownFileType = sourcecode.c.objc; path = ttRecommendCategory.m; sourceTree = "<group>"; };
		BB98E5FB1D3D23CF00683672 /* ttRecommendUser.h */ = {isa = PBXFileReference; fileEncoding = 4; lastKnownFileType = sourcecode.c.h; path = ttRecommendUser.h; sourceTree = "<group>"; };
		BB98E5FC1D3D23CF00683672 /* ttRecommendUser.m */ = {isa = PBXFileReference; fileEncoding = 4; lastKnownFileType = sourcecode.c.objc; path = ttRecommendUser.m; sourceTree = "<group>"; };
		BB98E5FE1D3D23CF00683672 /* ttRecommendCategoryCell.h */ = {isa = PBXFileReference; fileEncoding = 4; lastKnownFileType = sourcecode.c.h; path = ttRecommendCategoryCell.h; sourceTree = "<group>"; };
		BB98E5FF1D3D23CF00683672 /* ttRecommendCategoryCell.m */ = {isa = PBXFileReference; fileEncoding = 4; lastKnownFileType = sourcecode.c.objc; path = ttRecommendCategoryCell.m; sourceTree = "<group>"; };
		BB98E6001D3D23CF00683672 /* ttRecommendCategoryCell.xib */ = {isa = PBXFileReference; fileEncoding = 4; lastKnownFileType = file.xib; path = ttRecommendCategoryCell.xib; sourceTree = "<group>"; };
		BB98E6011D3D23CF00683672 /* ttRecommendUserCell.h */ = {isa = PBXFileReference; fileEncoding = 4; lastKnownFileType = sourcecode.c.h; path = ttRecommendUserCell.h; sourceTree = "<group>"; };
		BB98E6021D3D23CF00683672 /* ttRecommendUserCell.m */ = {isa = PBXFileReference; fileEncoding = 4; lastKnownFileType = sourcecode.c.objc; path = ttRecommendUserCell.m; sourceTree = "<group>"; };
		BB98E6031D3D23CF00683672 /* ttRecommendUserCell.xib */ = {isa = PBXFileReference; fileEncoding = 4; lastKnownFileType = file.xib; path = ttRecommendUserCell.xib; sourceTree = "<group>"; };
		BB98E6061D3D23CF00683672 /* AFHTTPSessionManager.h */ = {isa = PBXFileReference; fileEncoding = 4; lastKnownFileType = sourcecode.c.h; path = AFHTTPSessionManager.h; sourceTree = "<group>"; };
		BB98E6071D3D23CF00683672 /* AFHTTPSessionManager.m */ = {isa = PBXFileReference; fileEncoding = 4; lastKnownFileType = sourcecode.c.objc; path = AFHTTPSessionManager.m; sourceTree = "<group>"; };
		BB98E6081D3D23CF00683672 /* AFNetworking.h */ = {isa = PBXFileReference; fileEncoding = 4; lastKnownFileType = sourcecode.c.h; path = AFNetworking.h; sourceTree = "<group>"; };
		BB98E6091D3D23CF00683672 /* AFNetworkReachabilityManager.h */ = {isa = PBXFileReference; fileEncoding = 4; lastKnownFileType = sourcecode.c.h; path = AFNetworkReachabilityManager.h; sourceTree = "<group>"; };
		BB98E60A1D3D23CF00683672 /* AFNetworkReachabilityManager.m */ = {isa = PBXFileReference; fileEncoding = 4; lastKnownFileType = sourcecode.c.objc; path = AFNetworkReachabilityManager.m; sourceTree = "<group>"; };
		BB98E60B1D3D23CF00683672 /* AFSecurityPolicy.h */ = {isa = PBXFileReference; fileEncoding = 4; lastKnownFileType = sourcecode.c.h; path = AFSecurityPolicy.h; sourceTree = "<group>"; };
		BB98E60C1D3D23CF00683672 /* AFSecurityPolicy.m */ = {isa = PBXFileReference; fileEncoding = 4; lastKnownFileType = sourcecode.c.objc; path = AFSecurityPolicy.m; sourceTree = "<group>"; };
		BB98E60D1D3D23CF00683672 /* AFURLRequestSerialization.h */ = {isa = PBXFileReference; fileEncoding = 4; lastKnownFileType = sourcecode.c.h; path = AFURLRequestSerialization.h; sourceTree = "<group>"; };
		BB98E60E1D3D23CF00683672 /* AFURLRequestSerialization.m */ = {isa = PBXFileReference; fileEncoding = 4; lastKnownFileType = sourcecode.c.objc; path = AFURLRequestSerialization.m; sourceTree = "<group>"; };
		BB98E60F1D3D23CF00683672 /* AFURLResponseSerialization.h */ = {isa = PBXFileReference; fileEncoding = 4; lastKnownFileType = sourcecode.c.h; path = AFURLResponseSerialization.h; sourceTree = "<group>"; };
		BB98E6101D3D23CF00683672 /* AFURLResponseSerialization.m */ = {isa = PBXFileReference; fileEncoding = 4; lastKnownFileType = sourcecode.c.objc; path = AFURLResponseSerialization.m; sourceTree = "<group>"; };
		BB98E6111D3D23CF00683672 /* AFURLSessionManager.h */ = {isa = PBXFileReference; fileEncoding = 4; lastKnownFileType = sourcecode.c.h; path = AFURLSessionManager.h; sourceTree = "<group>"; };
		BB98E6121D3D23CF00683672 /* AFURLSessionManager.m */ = {isa = PBXFileReference; fileEncoding = 4; lastKnownFileType = sourcecode.c.objc; path = AFURLSessionManager.m; sourceTree = "<group>"; };
		BB98E6141D3D23CF00683672 /* MKAnnotationView+WebCache.h */ = {isa = PBXFileReference; fileEncoding = 4; lastKnownFileType = sourcecode.c.h; path = "MKAnnotationView+WebCache.h"; sourceTree = "<group>"; };
		BB98E6151D3D23CF00683672 /* MKAnnotationView+WebCache.m */ = {isa = PBXFileReference; fileEncoding = 4; lastKnownFileType = sourcecode.c.objc; path = "MKAnnotationView+WebCache.m"; sourceTree = "<group>"; };
		BB98E6161D3D23CF00683672 /* NSData+ImageContentType.h */ = {isa = PBXFileReference; fileEncoding = 4; lastKnownFileType = sourcecode.c.h; path = "NSData+ImageContentType.h"; sourceTree = "<group>"; };
		BB98E6171D3D23CF00683672 /* NSData+ImageContentType.m */ = {isa = PBXFileReference; fileEncoding = 4; lastKnownFileType = sourcecode.c.objc; path = "NSData+ImageContentType.m"; sourceTree = "<group>"; };
		BB98E6181D3D23CF00683672 /* SDImageCache.h */ = {isa = PBXFileReference; fileEncoding = 4; lastKnownFileType = sourcecode.c.h; path = SDImageCache.h; sourceTree = "<group>"; };
		BB98E6191D3D23CF00683672 /* SDImageCache.m */ = {isa = PBXFileReference; fileEncoding = 4; lastKnownFileType = sourcecode.c.objc; path = SDImageCache.m; sourceTree = "<group>"; };
		BB98E61A1D3D23CF00683672 /* SDWebImageCompat.h */ = {isa = PBXFileReference; fileEncoding = 4; lastKnownFileType = sourcecode.c.h; path = SDWebImageCompat.h; sourceTree = "<group>"; };
		BB98E61B1D3D23CF00683672 /* SDWebImageCompat.m */ = {isa = PBXFileReference; fileEncoding = 4; lastKnownFileType = sourcecode.c.objc; path = SDWebImageCompat.m; sourceTree = "<group>"; };
		BB98E61C1D3D23CF00683672 /* SDWebImageDecoder.h */ = {isa = PBXFileReference; fileEncoding = 4; lastKnownFileType = sourcecode.c.h; path = SDWebImageDecoder.h; sourceTree = "<group>"; };
		BB98E61D1D3D23CF00683672 /* SDWebImageDecoder.m */ = {isa = PBXFileReference; fileEncoding = 4; lastKnownFileType = sourcecode.c.objc; path = SDWebImageDecoder.m; sourceTree = "<group>"; };
		BB98E61E1D3D23CF00683672 /* SDWebImageDownloader.h */ = {isa = PBXFileReference; fileEncoding = 4; lastKnownFileType = sourcecode.c.h; path = SDWebImageDownloader.h; sourceTree = "<group>"; };
		BB98E61F1D3D23CF00683672 /* SDWebImageDownloader.m */ = {isa = PBXFileReference; fileEncoding = 4; lastKnownFileType = sourcecode.c.objc; path = SDWebImageDownloader.m; sourceTree = "<group>"; };
		BB98E6201D3D23CF00683672 /* SDWebImageDownloaderOperation.h */ = {isa = PBXFileReference; fileEncoding = 4; lastKnownFileType = sourcecode.c.h; path = SDWebImageDownloaderOperation.h; sourceTree = "<group>"; };
		BB98E6211D3D23CF00683672 /* SDWebImageDownloaderOperation.m */ = {isa = PBXFileReference; fileEncoding = 4; lastKnownFileType = sourcecode.c.objc; path = SDWebImageDownloaderOperation.m; sourceTree = "<group>"; };
		BB98E6221D3D23CF00683672 /* SDWebImageManager.h */ = {isa = PBXFileReference; fileEncoding = 4; lastKnownFileType = sourcecode.c.h; path = SDWebImageManager.h; sourceTree = "<group>"; };
		BB98E6231D3D23CF00683672 /* SDWebImageManager.m */ = {isa = PBXFileReference; fileEncoding = 4; lastKnownFileType = sourcecode.c.objc; path = SDWebImageManager.m; sourceTree = "<group>"; };
		BB98E6241D3D23CF00683672 /* SDWebImageOperation.h */ = {isa = PBXFileReference; fileEncoding = 4; lastKnownFileType = sourcecode.c.h; path = SDWebImageOperation.h; sourceTree = "<group>"; };
		BB98E6251D3D23CF00683672 /* SDWebImagePrefetcher.h */ = {isa = PBXFileReference; fileEncoding = 4; lastKnownFileType = sourcecode.c.h; path = SDWebImagePrefetcher.h; sourceTree = "<group>"; };
		BB98E6261D3D23CF00683672 /* SDWebImagePrefetcher.m */ = {isa = PBXFileReference; fileEncoding = 4; lastKnownFileType = sourcecode.c.objc; path = SDWebImagePrefetcher.m; sourceTree = "<group>"; };
		BB98E6271D3D23CF00683672 /* UIButton+WebCache.h */ = {isa = PBXFileReference; fileEncoding = 4; lastKnownFileType = sourcecode.c.h; path = "UIButton+WebCache.h"; sourceTree = "<group>"; };
		BB98E6281D3D23CF00683672 /* UIButton+WebCache.m */ = {isa = PBXFileReference; fileEncoding = 4; lastKnownFileType = sourcecode.c.objc; path = "UIButton+WebCache.m"; sourceTree = "<group>"; };
		BB98E6291D3D23CF00683672 /* UIImage+GIF.h */ = {isa = PBXFileReference; fileEncoding = 4; lastKnownFileType = sourcecode.c.h; path = "UIImage+GIF.h"; sourceTree = "<group>"; };
		BB98E62A1D3D23CF00683672 /* UIImage+GIF.m */ = {isa = PBXFileReference; fileEncoding = 4; lastKnownFileType = sourcecode.c.objc; path = "UIImage+GIF.m"; sourceTree = "<group>"; };
		BB98E62B1D3D23CF00683672 /* UIImage+MultiFormat.h */ = {isa = PBXFileReference; fileEncoding = 4; lastKnownFileType = sourcecode.c.h; path = "UIImage+MultiFormat.h"; sourceTree = "<group>"; };
		BB98E62C1D3D23CF00683672 /* UIImage+MultiFormat.m */ = {isa = PBXFileReference; fileEncoding = 4; lastKnownFileType = sourcecode.c.objc; path = "UIImage+MultiFormat.m"; sourceTree = "<group>"; };
		BB98E62D1D3D23CF00683672 /* UIImage+WebP.h */ = {isa = PBXFileReference; fileEncoding = 4; lastKnownFileType = sourcecode.c.h; path = "UIImage+WebP.h"; sourceTree = "<group>"; };
		BB98E62E1D3D23CF00683672 /* UIImage+WebP.m */ = {isa = PBXFileReference; fileEncoding = 4; lastKnownFileType = sourcecode.c.objc; path = "UIImage+WebP.m"; sourceTree = "<group>"; };
		BB98E62F1D3D23CF00683672 /* UIImageView+HighlightedWebCache.h */ = {isa = PBXFileReference; fileEncoding = 4; lastKnownFileType = sourcecode.c.h; path = "UIImageView+HighlightedWebCache.h"; sourceTree = "<group>"; };
		BB98E6301D3D23CF00683672 /* UIImageView+HighlightedWebCache.m */ = {isa = PBXFileReference; fileEncoding = 4; lastKnownFileType = sourcecode.c.objc; path = "UIImageView+HighlightedWebCache.m"; sourceTree = "<group>"; };
		BB98E6311D3D23CF00683672 /* UIImageView+WebCache.h */ = {isa = PBXFileReference; fileEncoding = 4; lastKnownFileType = sourcecode.c.h; path = "UIImageView+WebCache.h"; sourceTree = "<group>"; };
		BB98E6321D3D23CF00683672 /* UIImageView+WebCache.m */ = {isa = PBXFileReference; fileEncoding = 4; lastKnownFileType = sourcecode.c.objc; path = "UIImageView+WebCache.m"; sourceTree = "<group>"; };
		BB98E6331D3D23CF00683672 /* UIView+WebCacheOperation.h */ = {isa = PBXFileReference; fileEncoding = 4; lastKnownFileType = sourcecode.c.h; path = "UIView+WebCacheOperation.h"; sourceTree = "<group>"; };
		BB98E6341D3D23CF00683672 /* UIView+WebCacheOperation.m */ = {isa = PBXFileReference; fileEncoding = 4; lastKnownFileType = sourcecode.c.objc; path = "UIView+WebCacheOperation.m"; sourceTree = "<group>"; };
		BB98E6361D3D23CF00683672 /* SVIndefiniteAnimatedView.h */ = {isa = PBXFileReference; fileEncoding = 4; lastKnownFileType = sourcecode.c.h; path = SVIndefiniteAnimatedView.h; sourceTree = "<group>"; };
		BB98E6371D3D23CF00683672 /* SVIndefiniteAnimatedView.m */ = {isa = PBXFileReference; fileEncoding = 4; lastKnownFileType = sourcecode.c.objc; path = SVIndefiniteAnimatedView.m; sourceTree = "<group>"; };
		BB98E6381D3D23CF00683672 /* SVProgressAnimatedView.h */ = {isa = PBXFileReference; fileEncoding = 4; lastKnownFileType = sourcecode.c.h; path = SVProgressAnimatedView.h; sourceTree = "<group>"; };
		BB98E6391D3D23CF00683672 /* SVProgressAnimatedView.m */ = {isa = PBXFileReference; fileEncoding = 4; lastKnownFileType = sourcecode.c.objc; path = SVProgressAnimatedView.m; sourceTree = "<group>"; };
		BB98E63A1D3D23CF00683672 /* SVProgressHUD-Prefix.pch */ = {isa = PBXFileReference; fileEncoding = 4; lastKnownFileType = sourcecode.c.h; path = "SVProgressHUD-Prefix.pch"; sourceTree = "<group>"; };
		BB98E63B1D3D23CF00683672 /* SVProgressHUD.bundle */ = {isa = PBXFileReference; lastKnownFileType = "wrapper.plug-in"; path = SVProgressHUD.bundle; sourceTree = "<group>"; };
		BB98E63C1D3D23CF00683672 /* SVProgressHUD.h */ = {isa = PBXFileReference; fileEncoding = 4; lastKnownFileType = sourcecode.c.h; path = SVProgressHUD.h; sourceTree = "<group>"; };
		BB98E63D1D3D23CF00683672 /* SVProgressHUD.m */ = {isa = PBXFileReference; fileEncoding = 4; lastKnownFileType = sourcecode.c.objc; path = SVProgressHUD.m; sourceTree = "<group>"; };
		BB98E63E1D3D23CF00683672 /* SVRadialGradientLayer.h */ = {isa = PBXFileReference; fileEncoding = 4; lastKnownFileType = sourcecode.c.h; path = SVRadialGradientLayer.h; sourceTree = "<group>"; };
		BB98E63F1D3D23CF00683672 /* SVRadialGradientLayer.m */ = {isa = PBXFileReference; fileEncoding = 4; lastKnownFileType = sourcecode.c.objc; path = SVRadialGradientLayer.m; sourceTree = "<group>"; };
		BB98E6421D3D23CF00683672 /* UIBarButtonItem+ttExtension.h */ = {isa = PBXFileReference; fileEncoding = 4; lastKnownFileType = sourcecode.c.h; path = "UIBarButtonItem+ttExtension.h"; sourceTree = "<group>"; };
		BB98E6431D3D23CF00683672 /* UIBarButtonItem+ttExtension.m */ = {isa = PBXFileReference; fileEncoding = 4; lastKnownFileType = sourcecode.c.objc; path = "UIBarButtonItem+ttExtension.m"; sourceTree = "<group>"; };
		BB98E6441D3D23CF00683672 /* UIView+ttExtension.h */ = {isa = PBXFileReference; fileEncoding = 4; lastKnownFileType = sourcecode.c.h; path = "UIView+ttExtension.h"; sourceTree = "<group>"; };
		BB98E6451D3D23CF00683672 /* UIView+ttExtension.m */ = {isa = PBXFileReference; fileEncoding = 4; lastKnownFileType = sourcecode.c.objc; path = "UIView+ttExtension.m"; sourceTree = "<group>"; };
		BB98E6471D3D23CF00683672 /* ttNavigationController.h */ = {isa = PBXFileReference; fileEncoding = 4; lastKnownFileType = sourcecode.c.h; path = ttNavigationController.h; sourceTree = "<group>"; };
		BB98E6481D3D23CF00683672 /* ttNavigationController.m */ = {isa = PBXFileReference; fileEncoding = 4; lastKnownFileType = sourcecode.c.objc; path = ttNavigationController.m; sourceTree = "<group>"; };
		BB98E6491D3D23CF00683672 /* ttTabBarController.h */ = {isa = PBXFileReference; fileEncoding = 4; lastKnownFileType = sourcecode.c.h; path = ttTabBarController.h; sourceTree = "<group>"; };
		BB98E64A1D3D23CF00683672 /* ttTabBarController.m */ = {isa = PBXFileReference; fileEncoding = 4; lastKnownFileType = sourcecode.c.objc; path = ttTabBarController.m; sourceTree = "<group>"; };
		BB98E64B1D3D23CF00683672 /* Foundation+Log.m */ = {isa = PBXFileReference; fileEncoding = 4; lastKnownFileType = sourcecode.c.objc; path = "Foundation+Log.m"; sourceTree = "<group>"; };
		BB98E64D1D3D23CF00683672 /* PrefixHeader.pch */ = {isa = PBXFileReference; fileEncoding = 4; lastKnownFileType = sourcecode.c.h; path = PrefixHeader.pch; sourceTree = "<group>"; };
		BB98E64F1D3D23CF00683672 /* ttTabBar.h */ = {isa = PBXFileReference; fileEncoding = 4; lastKnownFileType = sourcecode.c.h; path = ttTabBar.h; sourceTree = "<group>"; };
		BB98E6501D3D23CF00683672 /* ttTabBar.m */ = {isa = PBXFileReference; fileEncoding = 4; lastKnownFileType = sourcecode.c.objc; path = ttTabBar.m; sourceTree = "<group>"; };
		BB98E6531D3D23CF00683672 /* ttMeVc.h */ = {isa = PBXFileReference; fileEncoding = 4; lastKnownFileType = sourcecode.c.h; path = ttMeVc.h; sourceTree = "<group>"; };
		BB98E6541D3D23CF00683672 /* ttMeVc.m */ = {isa = PBXFileReference; fileEncoding = 4; lastKnownFileType = sourcecode.c.objc; path = ttMeVc.m; sourceTree = "<group>"; };
		BB98E6591D3D23CF00683672 /* ttNewVc.h */ = {isa = PBXFileReference; fileEncoding = 4; lastKnownFileType = sourcecode.c.h; path = ttNewVc.h; sourceTree = "<group>"; };
		BB98E65A1D3D23CF00683672 /* ttNewVc.m */ = {isa = PBXFileReference; fileEncoding = 4; lastKnownFileType = sourcecode.c.objc; path = ttNewVc.m; sourceTree = "<group>"; };
		BB98E68B1D3D24BF00683672 /* AppDelegate.h */ = {isa = PBXFileReference; fileEncoding = 4; lastKnownFileType = sourcecode.c.h; path = AppDelegate.h; sourceTree = "<group>"; };
		BB98E68C1D3D24BF00683672 /* AppDelegate.m */ = {isa = PBXFileReference; fileEncoding = 4; lastKnownFileType = sourcecode.c.objc; path = AppDelegate.m; sourceTree = "<group>"; };
		BB98E68F1D3E0D9A00683672 /* Info.plist */ = {isa = PBXFileReference; fileEncoding = 4; lastKnownFileType = text.plist.xml; path = Info.plist; sourceTree = "<group>"; };
		BB98E6901D3E0D9A00683672 /* MJExtension.h */ = {isa = PBXFileReference; fileEncoding = 4; lastKnownFileType = sourcecode.c.h; path = MJExtension.h; sourceTree = "<group>"; };
		BB98E6911D3E0D9A00683672 /* MJExtensionConst.h */ = {isa = PBXFileReference; fileEncoding = 4; lastKnownFileType = sourcecode.c.h; path = MJExtensionConst.h; sourceTree = "<group>"; };
		BB98E6921D3E0D9A00683672 /* MJExtensionConst.m */ = {isa = PBXFileReference; fileEncoding = 4; lastKnownFileType = sourcecode.c.objc; path = MJExtensionConst.m; sourceTree = "<group>"; };
		BB98E6931D3E0D9A00683672 /* MJFoundation.h */ = {isa = PBXFileReference; fileEncoding = 4; lastKnownFileType = sourcecode.c.h; path = MJFoundation.h; sourceTree = "<group>"; };
		BB98E6941D3E0D9A00683672 /* MJFoundation.m */ = {isa = PBXFileReference; fileEncoding = 4; lastKnownFileType = sourcecode.c.objc; path = MJFoundation.m; sourceTree = "<group>"; };
		BB98E6951D3E0D9A00683672 /* MJProperty.h */ = {isa = PBXFileReference; fileEncoding = 4; lastKnownFileType = sourcecode.c.h; path = MJProperty.h; sourceTree = "<group>"; };
		BB98E6961D3E0D9A00683672 /* MJProperty.m */ = {isa = PBXFileReference; fileEncoding = 4; lastKnownFileType = sourcecode.c.objc; path = MJProperty.m; sourceTree = "<group>"; };
		BB98E6971D3E0D9A00683672 /* MJPropertyKey.h */ = {isa = PBXFileReference; fileEncoding = 4; lastKnownFileType = sourcecode.c.h; path = MJPropertyKey.h; sourceTree = "<group>"; };
		BB98E6981D3E0D9A00683672 /* MJPropertyKey.m */ = {isa = PBXFileReference; fileEncoding = 4; lastKnownFileType = sourcecode.c.objc; path = MJPropertyKey.m; sourceTree = "<group>"; };
		BB98E6991D3E0D9A00683672 /* MJPropertyType.h */ = {isa = PBXFileReference; fileEncoding = 4; lastKnownFileType = sourcecode.c.h; path = MJPropertyType.h; sourceTree = "<group>"; };
		BB98E69A1D3E0D9A00683672 /* MJPropertyType.m */ = {isa = PBXFileReference; fileEncoding = 4; lastKnownFileType = sourcecode.c.objc; path = MJPropertyType.m; sourceTree = "<group>"; };
		BB98E69B1D3E0D9A00683672 /* NSObject+MJClass.h */ = {isa = PBXFileReference; fileEncoding = 4; lastKnownFileType = sourcecode.c.h; path = "NSObject+MJClass.h"; sourceTree = "<group>"; };
		BB98E69C1D3E0D9A00683672 /* NSObject+MJClass.m */ = {isa = PBXFileReference; fileEncoding = 4; lastKnownFileType = sourcecode.c.objc; path = "NSObject+MJClass.m"; sourceTree = "<group>"; };
		BB98E69D1D3E0D9A00683672 /* NSObject+MJCoding.h */ = {isa = PBXFileReference; fileEncoding = 4; lastKnownFileType = sourcecode.c.h; path = "NSObject+MJCoding.h"; sourceTree = "<group>"; };
		BB98E69E1D3E0D9A00683672 /* NSObject+MJCoding.m */ = {isa = PBXFileReference; fileEncoding = 4; lastKnownFileType = sourcecode.c.objc; path = "NSObject+MJCoding.m"; sourceTree = "<group>"; };
		BB98E69F1D3E0D9A00683672 /* NSObject+MJKeyValue.h */ = {isa = PBXFileReference; fileEncoding = 4; lastKnownFileType = sourcecode.c.h; path = "NSObject+MJKeyValue.h"; sourceTree = "<group>"; };
		BB98E6A01D3E0D9A00683672 /* NSObject+MJKeyValue.m */ = {isa = PBXFileReference; fileEncoding = 4; lastKnownFileType = sourcecode.c.objc; path = "NSObject+MJKeyValue.m"; sourceTree = "<group>"; };
		BB98E6A11D3E0D9A00683672 /* NSObject+MJProperty.h */ = {isa = PBXFileReference; fileEncoding = 4; lastKnownFileType = sourcecode.c.h; path = "NSObject+MJProperty.h"; sourceTree = "<group>"; };
		BB98E6A21D3E0D9A00683672 /* NSObject+MJProperty.m */ = {isa = PBXFileReference; fileEncoding = 4; lastKnownFileType = sourcecode.c.objc; path = "NSObject+MJProperty.m"; sourceTree = "<group>"; };
		BB98E6A31D3E0D9A00683672 /* NSString+MJExtension.h */ = {isa = PBXFileReference; fileEncoding = 4; lastKnownFileType = sourcecode.c.h; path = "NSString+MJExtension.h"; sourceTree = "<group>"; };
		BB98E6A41D3E0D9A00683672 /* NSString+MJExtension.m */ = {isa = PBXFileReference; fileEncoding = 4; lastKnownFileType = sourcecode.c.objc; path = "NSString+MJExtension.m"; sourceTree = "<group>"; };
		BB98E6B21D3E0DB200683672 /* MJRefreshAutoFooter.h */ = {isa = PBXFileReference; fileEncoding = 4; lastKnownFileType = sourcecode.c.h; path = MJRefreshAutoFooter.h; sourceTree = "<group>"; };
		BB98E6B31D3E0DB200683672 /* MJRefreshAutoFooter.m */ = {isa = PBXFileReference; fileEncoding = 4; lastKnownFileType = sourcecode.c.objc; path = MJRefreshAutoFooter.m; sourceTree = "<group>"; };
		BB98E6B41D3E0DB200683672 /* MJRefreshBackFooter.h */ = {isa = PBXFileReference; fileEncoding = 4; lastKnownFileType = sourcecode.c.h; path = MJRefreshBackFooter.h; sourceTree = "<group>"; };
		BB98E6B51D3E0DB200683672 /* MJRefreshBackFooter.m */ = {isa = PBXFileReference; fileEncoding = 4; lastKnownFileType = sourcecode.c.objc; path = MJRefreshBackFooter.m; sourceTree = "<group>"; };
		BB98E6B61D3E0DB200683672 /* MJRefreshComponent.h */ = {isa = PBXFileReference; fileEncoding = 4; lastKnownFileType = sourcecode.c.h; path = MJRefreshComponent.h; sourceTree = "<group>"; };
		BB98E6B71D3E0DB200683672 /* MJRefreshComponent.m */ = {isa = PBXFileReference; fileEncoding = 4; lastKnownFileType = sourcecode.c.objc; path = MJRefreshComponent.m; sourceTree = "<group>"; };
		BB98E6B81D3E0DB200683672 /* MJRefreshFooter.h */ = {isa = PBXFileReference; fileEncoding = 4; lastKnownFileType = sourcecode.c.h; path = MJRefreshFooter.h; sourceTree = "<group>"; };
		BB98E6B91D3E0DB200683672 /* MJRefreshFooter.m */ = {isa = PBXFileReference; fileEncoding = 4; lastKnownFileType = sourcecode.c.objc; path = MJRefreshFooter.m; sourceTree = "<group>"; };
		BB98E6BA1D3E0DB200683672 /* MJRefreshHeader.h */ = {isa = PBXFileReference; fileEncoding = 4; lastKnownFileType = sourcecode.c.h; path = MJRefreshHeader.h; sourceTree = "<group>"; };
		BB98E6BB1D3E0DB200683672 /* MJRefreshHeader.m */ = {isa = PBXFileReference; fileEncoding = 4; lastKnownFileType = sourcecode.c.objc; path = MJRefreshHeader.m; sourceTree = "<group>"; };
		BB98E6BF1D3E0DB200683672 /* MJRefreshAutoGifFooter.h */ = {isa = PBXFileReference; fileEncoding = 4; lastKnownFileType = sourcecode.c.h; path = MJRefreshAutoGifFooter.h; sourceTree = "<group>"; };
		BB98E6C01D3E0DB200683672 /* MJRefreshAutoGifFooter.m */ = {isa = PBXFileReference; fileEncoding = 4; lastKnownFileType = sourcecode.c.objc; path = MJRefreshAutoGifFooter.m; sourceTree = "<group>"; };
		BB98E6C11D3E0DB200683672 /* MJRefreshAutoNormalFooter.h */ = {isa = PBXFileReference; fileEncoding = 4; lastKnownFileType = sourcecode.c.h; path = MJRefreshAutoNormalFooter.h; sourceTree = "<group>"; };
		BB98E6C21D3E0DB200683672 /* MJRefreshAutoNormalFooter.m */ = {isa = PBXFileReference; fileEncoding = 4; lastKnownFileType = sourcecode.c.objc; path = MJRefreshAutoNormalFooter.m; sourceTree = "<group>"; };
		BB98E6C31D3E0DB200683672 /* MJRefreshAutoStateFooter.h */ = {isa = PBXFileReference; fileEncoding = 4; lastKnownFileType = sourcecode.c.h; path = MJRefreshAutoStateFooter.h; sourceTree = "<group>"; };
		BB98E6C41D3E0DB200683672 /* MJRefreshAutoStateFooter.m */ = {isa = PBXFileReference; fileEncoding = 4; lastKnownFileType = sourcecode.c.objc; path = MJRefreshAutoStateFooter.m; sourceTree = "<group>"; };
		BB98E6C61D3E0DB200683672 /* MJRefreshBackGifFooter.h */ = {isa = PBXFileReference; fileEncoding = 4; lastKnownFileType = sourcecode.c.h; path = MJRefreshBackGifFooter.h; sourceTree = "<group>"; };
		BB98E6C71D3E0DB200683672 /* MJRefreshBackGifFooter.m */ = {isa = PBXFileReference; fileEncoding = 4; lastKnownFileType = sourcecode.c.objc; path = MJRefreshBackGifFooter.m; sourceTree = "<group>"; };
		BB98E6C81D3E0DB200683672 /* MJRefreshBackNormalFooter.h */ = {isa = PBXFileReference; fileEncoding = 4; lastKnownFileType = sourcecode.c.h; path = MJRefreshBackNormalFooter.h; sourceTree = "<group>"; };
		BB98E6C91D3E0DB200683672 /* MJRefreshBackNormalFooter.m */ = {isa = PBXFileReference; fileEncoding = 4; lastKnownFileType = sourcecode.c.objc; path = MJRefreshBackNormalFooter.m; sourceTree = "<group>"; };
		BB98E6CA1D3E0DB200683672 /* MJRefreshBackStateFooter.h */ = {isa = PBXFileReference; fileEncoding = 4; lastKnownFileType = sourcecode.c.h; path = MJRefreshBackStateFooter.h; sourceTree = "<group>"; };
		BB98E6CB1D3E0DB200683672 /* MJRefreshBackStateFooter.m */ = {isa = PBXFileReference; fileEncoding = 4; lastKnownFileType = sourcecode.c.objc; path = MJRefreshBackStateFooter.m; sourceTree = "<group>"; };
		BB98E6CD1D3E0DB200683672 /* MJRefreshGifHeader.h */ = {isa = PBXFileReference; fileEncoding = 4; lastKnownFileType = sourcecode.c.h; path = MJRefreshGifHeader.h; sourceTree = "<group>"; };
		BB98E6CE1D3E0DB200683672 /* MJRefreshGifHeader.m */ = {isa = PBXFileReference; fileEncoding = 4; lastKnownFileType = sourcecode.c.objc; path = MJRefreshGifHeader.m; sourceTree = "<group>"; };
		BB98E6CF1D3E0DB200683672 /* MJRefreshNormalHeader.h */ = {isa = PBXFileReference; fileEncoding = 4; lastKnownFileType = sourcecode.c.h; path = MJRefreshNormalHeader.h; sourceTree = "<group>"; };
		BB98E6D01D3E0DB200683672 /* MJRefreshNormalHeader.m */ = {isa = PBXFileReference; fileEncoding = 4; lastKnownFileType = sourcecode.c.objc; path = MJRefreshNormalHeader.m; sourceTree = "<group>"; };
		BB98E6D11D3E0DB200683672 /* MJRefreshStateHeader.h */ = {isa = PBXFileReference; fileEncoding = 4; lastKnownFileType = sourcecode.c.h; path = MJRefreshStateHeader.h; sourceTree = "<group>"; };
		BB98E6D21D3E0DB200683672 /* MJRefreshStateHeader.m */ = {isa = PBXFileReference; fileEncoding = 4; lastKnownFileType = sourcecode.c.objc; path = MJRefreshStateHeader.m; sourceTree = "<group>"; };
		BB98E6D31D3E0DB200683672 /* MJRefresh.bundle */ = {isa = PBXFileReference; lastKnownFileType = "wrapper.plug-in"; path = MJRefresh.bundle; sourceTree = "<group>"; };
		BB98E6D41D3E0DB200683672 /* MJRefresh.h */ = {isa = PBXFileReference; fileEncoding = 4; lastKnownFileType = sourcecode.c.h; path = MJRefresh.h; sourceTree = "<group>"; };
		BB98E6D51D3E0DB200683672 /* MJRefreshConst.h */ = {isa = PBXFileReference; fileEncoding = 4; lastKnownFileType = sourcecode.c.h; path = MJRefreshConst.h; sourceTree = "<group>"; };
		BB98E6D61D3E0DB200683672 /* MJRefreshConst.m */ = {isa = PBXFileReference; fileEncoding = 4; lastKnownFileType = sourcecode.c.objc; path = MJRefreshConst.m; sourceTree = "<group>"; };
		BB98E6D71D3E0DB200683672 /* NSBundle+MJRefresh.h */ = {isa = PBXFileReference; fileEncoding = 4; lastKnownFileType = sourcecode.c.h; path = "NSBundle+MJRefresh.h"; sourceTree = "<group>"; };
		BB98E6D81D3E0DB200683672 /* NSBundle+MJRefresh.m */ = {isa = PBXFileReference; fileEncoding = 4; lastKnownFileType = sourcecode.c.objc; path = "NSBundle+MJRefresh.m"; sourceTree = "<group>"; };
		BB98E6D91D3E0DB200683672 /* UIScrollView+MJExtension.h */ = {isa = PBXFileReference; fileEncoding = 4; lastKnownFileType = sourcecode.c.h; path = "UIScrollView+MJExtension.h"; sourceTree = "<group>"; };
		BB98E6DA1D3E0DB200683672 /* UIScrollView+MJExtension.m */ = {isa = PBXFileReference; fileEncoding = 4; lastKnownFileType = sourcecode.c.objc; path = "UIScrollView+MJExtension.m"; sourceTree = "<group>"; };
		BB98E6DB1D3E0DB200683672 /* UIScrollView+MJRefresh.h */ = {isa = PBXFileReference; fileEncoding = 4; lastKnownFileType = sourcecode.c.h; path = "UIScrollView+MJRefresh.h"; sourceTree = "<group>"; };
		BB98E6DC1D3E0DB200683672 /* UIScrollView+MJRefresh.m */ = {isa = PBXFileReference; fileEncoding = 4; lastKnownFileType = sourcecode.c.objc; path = "UIScrollView+MJRefresh.m"; sourceTree = "<group>"; };
		BB98E6DD1D3E0DB200683672 /* UIView+MJExtension.h */ = {isa = PBXFileReference; fileEncoding = 4; lastKnownFileType = sourcecode.c.h; path = "UIView+MJExtension.h"; sourceTree = "<group>"; };
		BB98E6DE1D3E0DB200683672 /* UIView+MJExtension.m */ = {isa = PBXFileReference; fileEncoding = 4; lastKnownFileType = sourcecode.c.objc; path = "UIView+MJExtension.m"; sourceTree = "<group>"; };
		BB98E6F31D3E1A4200683672 /* ttRecommendTagsVc.h */ = {isa = PBXFileReference; fileEncoding = 4; lastKnownFileType = sourcecode.c.h; path = ttRecommendTagsVc.h; sourceTree = "<group>"; };
		BB98E6F41D3E1A4200683672 /* ttRecommendTagsVc.m */ = {isa = PBXFileReference; fileEncoding = 4; lastKnownFileType = sourcecode.c.objc; path = ttRecommendTagsVc.m; sourceTree = "<group>"; };
		BBB86F271D41F5B300C8DA3A /* ttVerticalButton.h */ = {isa = PBXFileReference; fileEncoding = 4; lastKnownFileType = sourcecode.c.h; path = ttVerticalButton.h; sourceTree = "<group>"; };
		BBB86F281D41F5B300C8DA3A /* ttVerticalButton.m */ = {isa = PBXFileReference; fileEncoding = 4; lastKnownFileType = sourcecode.c.objc; path = ttVerticalButton.m; sourceTree = "<group>"; };
		BBB86F2A1D41F6DD00C8DA3A /* ttTextField.h */ = {isa = PBXFileReference; fileEncoding = 4; lastKnownFileType = sourcecode.c.h; path = ttTextField.h; sourceTree = "<group>"; };
		BBB86F2B1D41F6DD00C8DA3A /* ttTextField.m */ = {isa = PBXFileReference; fileEncoding = 4; lastKnownFileType = sourcecode.c.objc; path = ttTextField.m; sourceTree = "<group>"; };
		BBC134EB1D3B5565007C052B /* bsbdj.app */ = {isa = PBXFileReference; explicitFileType = wrapper.application; includeInIndex = 0; path = bsbdj.app; sourceTree = BUILT_PRODUCTS_DIR; };
		BBC134EF1D3B5565007C052B /* main.m */ = {isa = PBXFileReference; lastKnownFileType = sourcecode.c.objc; path = main.m; sourceTree = "<group>"; };
		BBC134FA1D3B5565007C052B /* Assets.xcassets */ = {isa = PBXFileReference; lastKnownFileType = folder.assetcatalog; path = Assets.xcassets; sourceTree = "<group>"; };
		BBC134FF1D3B5565007C052B /* Info.plist */ = {isa = PBXFileReference; lastKnownFileType = text.plist.xml; path = Info.plist; sourceTree = "<group>"; };
		BBE210361D45E44D00A39858 /* ttRecommendTag.h */ = {isa = PBXFileReference; fileEncoding = 4; lastKnownFileType = sourcecode.c.h; path = ttRecommendTag.h; sourceTree = "<group>"; };
		BBE210371D45E44D00A39858 /* ttRecommendTag.m */ = {isa = PBXFileReference; fileEncoding = 4; lastKnownFileType = sourcecode.c.objc; path = ttRecommendTag.m; sourceTree = "<group>"; };
		BBE2103A1D45E46400A39858 /* ttRecommendTagCell.h */ = {isa = PBXFileReference; fileEncoding = 4; lastKnownFileType = sourcecode.c.h; path = ttRecommendTagCell.h; sourceTree = "<group>"; };
		BBE2103B1D45E46400A39858 /* ttRecommendTagCell.m */ = {isa = PBXFileReference; fileEncoding = 4; lastKnownFileType = sourcecode.c.objc; path = ttRecommendTagCell.m; sourceTree = "<group>"; };
		BBE2103C1D45E46400A39858 /* ttRecommendTagCell.xib */ = {isa = PBXFileReference; fileEncoding = 4; lastKnownFileType = file.xib; path = ttRecommendTagCell.xib; sourceTree = "<group>"; };
		BBE210421D45E56F00A39858 /* ttTopicVc.h */ = {isa = PBXFileReference; fileEncoding = 4; lastKnownFileType = sourcecode.c.h; path = ttTopicVc.h; sourceTree = "<group>"; };
		BBE210431D45E56F00A39858 /* ttTopicVc.m */ = {isa = PBXFileReference; fileEncoding = 4; lastKnownFileType = sourcecode.c.objc; path = ttTopicVc.m; sourceTree = "<group>"; };
		BBE210451D45E58F00A39858 /* ttTopicCell.h */ = {isa = PBXFileReference; fileEncoding = 4; lastKnownFileType = sourcecode.c.h; path = ttTopicCell.h; sourceTree = "<group>"; };
		BBE210461D45E58F00A39858 /* ttTopicCell.m */ = {isa = PBXFileReference; fileEncoding = 4; lastKnownFileType = sourcecode.c.objc; path = ttTopicCell.m; sourceTree = "<group>"; };
		BBE2104A1D45E60F00A39858 /* ttTopic.h */ = {isa = PBXFileReference; fileEncoding = 4; lastKnownFileType = sourcecode.c.h; path = ttTopic.h; sourceTree = "<group>"; };
		BBE2104B1D45E60F00A39858 /* ttTopic.m */ = {isa = PBXFileReference; fileEncoding = 4; lastKnownFileType = sourcecode.c.objc; path = ttTopic.m; sourceTree = "<group>"; };
		BBE210501D45EB5A00A39858 /* ttConst.h */ = {isa = PBXFileReference; fileEncoding = 4; lastKnownFileType = sourcecode.c.h; path = ttConst.h; sourceTree = "<group>"; };
		BBE210511D45EB5A00A39858 /* ttConst.m */ = {isa = PBXFileReference; fileEncoding = 4; lastKnownFileType = sourcecode.c.objc; path = ttConst.m; sourceTree = "<group>"; };
		BBE210561D45EF8E00A39858 /* NSDate+ttExtension.h */ = {isa = PBXFileReference; fileEncoding = 4; lastKnownFileType = sourcecode.c.h; path = "NSDate+ttExtension.h"; sourceTree = "<group>"; };
		BBE210571D45EF8E00A39858 /* NSDate+ttExtension.m */ = {isa = PBXFileReference; fileEncoding = 4; lastKnownFileType = sourcecode.c.objc; path = "NSDate+ttExtension.m"; sourceTree = "<group>"; };
		BBE210591D45F09700A39858 /* ttTopicCell.xib */ = {isa = PBXFileReference; fileEncoding = 4; lastKnownFileType = file.xib; path = ttTopicCell.xib; sourceTree = "<group>"; };
/* End PBXFileReference section */

/* Begin PBXFrameworksBuildPhase section */
		BBC134E81D3B5565007C052B /* Frameworks */ = {
			isa = PBXFrameworksBuildPhase;
			buildActionMask = 2147483647;
			files = (
			);
			runOnlyForDeploymentPostprocessing = 0;
		};
/* End PBXFrameworksBuildPhase section */

/* Begin PBXGroup section */
		BB98E5E91D3D23CF00683672 /* Classes */ = {
			isa = PBXGroup;
			children = (
				BB98E6041D3D23CF00683672 /* Library */,
				BB98E6401D3D23CF00683672 /* Main */,
				BB98E5EA1D3D23CF00683672 /* Essence */,
				BB98E6571D3D23CF00683672 /* New */,
				BB98E5F01D3D23CF00683672 /* FriendTrends */,
				BB98E6511D3D23CF00683672 /* Me */,
			);
			path = Classes;
			sourceTree = "<group>";
		};
		BB98E5EA1D3D23CF00683672 /* Essence */ = {
			isa = PBXGroup;
			children = (
				BB98E5EB1D3D23CF00683672 /* Controller */,
				BBE210391D45E46400A39858 /* View */,
				BBE210351D45E44D00A39858 /* Model */,
			);
			path = Essence;
			sourceTree = "<group>";
		};
		BB98E5EB1D3D23CF00683672 /* Controller */ = {
			isa = PBXGroup;
			children = (
				BB98E5EC1D3D23CF00683672 /* ttEssenceVc.h */,
				BB98E5ED1D3D23CF00683672 /* ttEssenceVc.m */,
				BB98E6F31D3E1A4200683672 /* ttRecommendTagsVc.h */,
				BB98E6F41D3E1A4200683672 /* ttRecommendTagsVc.m */,
				BBE210421D45E56F00A39858 /* ttTopicVc.h */,
				BBE210431D45E56F00A39858 /* ttTopicVc.m */,
			);
			path = Controller;
			sourceTree = "<group>";
		};
		BB98E5F01D3D23CF00683672 /* FriendTrends */ = {
			isa = PBXGroup;
			children = (
				BB98E5F11D3D23CF00683672 /* Controller */,
				BB98E5F81D3D23CF00683672 /* Model */,
				BB98E5FD1D3D23CF00683672 /* View */,
			);
			path = FriendTrends;
			sourceTree = "<group>";
		};
		BB98E5F11D3D23CF00683672 /* Controller */ = {
			isa = PBXGroup;
			children = (
				BB98E5F21D3D23CF00683672 /* ttFriendTrendsVc.h */,
				BB98E5F31D3D23CF00683672 /* ttFriendTrendsVc.m */,
				BB98E5F41D3D23CF00683672 /* ttFriendTrendsVc.xib */,
				BB0538301D40D4C500840432 /* ttLoginRegisterVc.h */,
				BB0538311D40D4C500840432 /* ttLoginRegisterVc.m */,
				BB0538321D40D4C500840432 /* ttLoginRegisterVc.xib */,
				BB98E5F51D3D23CF00683672 /* ttRecommendVc.h */,
				BB98E5F61D3D23CF00683672 /* ttRecommendVc.m */,
				BB98E5F71D3D23CF00683672 /* ttRecommendVc.xib */,
			);
			path = Controller;
			sourceTree = "<group>";
		};
		BB98E5F81D3D23CF00683672 /* Model */ = {
			isa = PBXGroup;
			children = (
				BB98E5F91D3D23CF00683672 /* ttRecommendCategory.h */,
				BB98E5FA1D3D23CF00683672 /* ttRecommendCategory.m */,
				BB98E5FB1D3D23CF00683672 /* ttRecommendUser.h */,
				BB98E5FC1D3D23CF00683672 /* ttRecommendUser.m */,
			);
			path = Model;
			sourceTree = "<group>";
		};
		BB98E5FD1D3D23CF00683672 /* View */ = {
			isa = PBXGroup;
			children = (
				BB98E5FE1D3D23CF00683672 /* ttRecommendCategoryCell.h */,
				BB98E5FF1D3D23CF00683672 /* ttRecommendCategoryCell.m */,
				BB98E6001D3D23CF00683672 /* ttRecommendCategoryCell.xib */,
				BB98E6011D3D23CF00683672 /* ttRecommendUserCell.h */,
				BB98E6021D3D23CF00683672 /* ttRecommendUserCell.m */,
				BB98E6031D3D23CF00683672 /* ttRecommendUserCell.xib */,
				BBB86F271D41F5B300C8DA3A /* ttVerticalButton.h */,
				BBB86F281D41F5B300C8DA3A /* ttVerticalButton.m */,
				BBB86F2A1D41F6DD00C8DA3A /* ttTextField.h */,
				BBB86F2B1D41F6DD00C8DA3A /* ttTextField.m */,
			);
			path = View;
			sourceTree = "<group>";
		};
		BB98E6041D3D23CF00683672 /* Library */ = {
			isa = PBXGroup;
			children = (
				BB98E6B01D3E0DB200683672 /* MJRefresh */,
				BB98E68E1D3E0D9A00683672 /* MJExtension */,
				BB98E6051D3D23CF00683672 /* AFNetworking */,
				BB98E6131D3D23CF00683672 /* SDWebImage */,
				BB98E6351D3D23CF00683672 /* SVProgressHUD */,
			);
			path = Library;
			sourceTree = "<group>";
		};
		BB98E6051D3D23CF00683672 /* AFNetworking */ = {
			isa = PBXGroup;
			children = (
				BB98E6061D3D23CF00683672 /* AFHTTPSessionManager.h */,
				BB98E6071D3D23CF00683672 /* AFHTTPSessionManager.m */,
				BB98E6081D3D23CF00683672 /* AFNetworking.h */,
				BB98E6091D3D23CF00683672 /* AFNetworkReachabilityManager.h */,
				BB98E60A1D3D23CF00683672 /* AFNetworkReachabilityManager.m */,
				BB98E60B1D3D23CF00683672 /* AFSecurityPolicy.h */,
				BB98E60C1D3D23CF00683672 /* AFSecurityPolicy.m */,
				BB98E60D1D3D23CF00683672 /* AFURLRequestSerialization.h */,
				BB98E60E1D3D23CF00683672 /* AFURLRequestSerialization.m */,
				BB98E60F1D3D23CF00683672 /* AFURLResponseSerialization.h */,
				BB98E6101D3D23CF00683672 /* AFURLResponseSerialization.m */,
				BB98E6111D3D23CF00683672 /* AFURLSessionManager.h */,
				BB98E6121D3D23CF00683672 /* AFURLSessionManager.m */,
			);
			path = AFNetworking;
			sourceTree = "<group>";
		};
		BB98E6131D3D23CF00683672 /* SDWebImage */ = {
			isa = PBXGroup;
			children = (
				BB98E6141D3D23CF00683672 /* MKAnnotationView+WebCache.h */,
				BB98E6151D3D23CF00683672 /* MKAnnotationView+WebCache.m */,
				BB98E6161D3D23CF00683672 /* NSData+ImageContentType.h */,
				BB98E6171D3D23CF00683672 /* NSData+ImageContentType.m */,
				BB98E6181D3D23CF00683672 /* SDImageCache.h */,
				BB98E6191D3D23CF00683672 /* SDImageCache.m */,
				BB98E61A1D3D23CF00683672 /* SDWebImageCompat.h */,
				BB98E61B1D3D23CF00683672 /* SDWebImageCompat.m */,
				BB98E61C1D3D23CF00683672 /* SDWebImageDecoder.h */,
				BB98E61D1D3D23CF00683672 /* SDWebImageDecoder.m */,
				BB98E61E1D3D23CF00683672 /* SDWebImageDownloader.h */,
				BB98E61F1D3D23CF00683672 /* SDWebImageDownloader.m */,
				BB98E6201D3D23CF00683672 /* SDWebImageDownloaderOperation.h */,
				BB98E6211D3D23CF00683672 /* SDWebImageDownloaderOperation.m */,
				BB98E6221D3D23CF00683672 /* SDWebImageManager.h */,
				BB98E6231D3D23CF00683672 /* SDWebImageManager.m */,
				BB98E6241D3D23CF00683672 /* SDWebImageOperation.h */,
				BB98E6251D3D23CF00683672 /* SDWebImagePrefetcher.h */,
				BB98E6261D3D23CF00683672 /* SDWebImagePrefetcher.m */,
				BB98E6271D3D23CF00683672 /* UIButton+WebCache.h */,
				BB98E6281D3D23CF00683672 /* UIButton+WebCache.m */,
				BB98E6291D3D23CF00683672 /* UIImage+GIF.h */,
				BB98E62A1D3D23CF00683672 /* UIImage+GIF.m */,
				BB98E62B1D3D23CF00683672 /* UIImage+MultiFormat.h */,
				BB98E62C1D3D23CF00683672 /* UIImage+MultiFormat.m */,
				BB98E62D1D3D23CF00683672 /* UIImage+WebP.h */,
				BB98E62E1D3D23CF00683672 /* UIImage+WebP.m */,
				BB98E62F1D3D23CF00683672 /* UIImageView+HighlightedWebCache.h */,
				BB98E6301D3D23CF00683672 /* UIImageView+HighlightedWebCache.m */,
				BB98E6311D3D23CF00683672 /* UIImageView+WebCache.h */,
				BB98E6321D3D23CF00683672 /* UIImageView+WebCache.m */,
				BB98E6331D3D23CF00683672 /* UIView+WebCacheOperation.h */,
				BB98E6341D3D23CF00683672 /* UIView+WebCacheOperation.m */,
			);
			path = SDWebImage;
			sourceTree = "<group>";
		};
		BB98E6351D3D23CF00683672 /* SVProgressHUD */ = {
			isa = PBXGroup;
			children = (
				BB98E6361D3D23CF00683672 /* SVIndefiniteAnimatedView.h */,
				BB98E6371D3D23CF00683672 /* SVIndefiniteAnimatedView.m */,
				BB98E6381D3D23CF00683672 /* SVProgressAnimatedView.h */,
				BB98E6391D3D23CF00683672 /* SVProgressAnimatedView.m */,
				BB98E63A1D3D23CF00683672 /* SVProgressHUD-Prefix.pch */,
				BB98E63B1D3D23CF00683672 /* SVProgressHUD.bundle */,
				BB98E63C1D3D23CF00683672 /* SVProgressHUD.h */,
				BB98E63D1D3D23CF00683672 /* SVProgressHUD.m */,
				BB98E63E1D3D23CF00683672 /* SVRadialGradientLayer.h */,
				BB98E63F1D3D23CF00683672 /* SVRadialGradientLayer.m */,
			);
			path = SVProgressHUD;
			sourceTree = "<group>";
		};
		BB98E6401D3D23CF00683672 /* Main */ = {
			isa = PBXGroup;
			children = (
				BB98E64B1D3D23CF00683672 /* Foundation+Log.m */,
				BB98E64D1D3D23CF00683672 /* PrefixHeader.pch */,
				BBE210501D45EB5A00A39858 /* ttConst.h */,
				BBE210511D45EB5A00A39858 /* ttConst.m */,
				BB98E6411D3D23CF00683672 /* Category */,
				BB98E6461D3D23CF00683672 /* Controller */,
				BB98E64C1D3D23CF00683672 /* Model */,
				BB98E64E1D3D23CF00683672 /* View */,
			);
			path = Main;
			sourceTree = "<group>";
		};
		BB98E6411D3D23CF00683672 /* Category */ = {
			isa = PBXGroup;
			children = (
				BB98E6421D3D23CF00683672 /* UIBarButtonItem+ttExtension.h */,
				BB98E6431D3D23CF00683672 /* UIBarButtonItem+ttExtension.m */,
				BB98E6441D3D23CF00683672 /* UIView+ttExtension.h */,
				BB98E6451D3D23CF00683672 /* UIView+ttExtension.m */,
				BBE210561D45EF8E00A39858 /* NSDate+ttExtension.h */,
				BBE210571D45EF8E00A39858 /* NSDate+ttExtension.m */,
			);
			path = Category;
			sourceTree = "<group>";
		};
		BB98E6461D3D23CF00683672 /* Controller */ = {
			isa = PBXGroup;
			children = (
				BB98E6471D3D23CF00683672 /* ttNavigationController.h */,
				BB98E6481D3D23CF00683672 /* ttNavigationController.m */,
				BB98E6491D3D23CF00683672 /* ttTabBarController.h */,
				BB98E64A1D3D23CF00683672 /* ttTabBarController.m */,
			);
			path = Controller;
			sourceTree = "<group>";
		};
		BB98E64C1D3D23CF00683672 /* Model */ = {
			isa = PBXGroup;
			children = (
			);
			path = Model;
			sourceTree = "<group>";
		};
		BB98E64E1D3D23CF00683672 /* View */ = {
			isa = PBXGroup;
			children = (
				BB98E64F1D3D23CF00683672 /* ttTabBar.h */,
				BB98E6501D3D23CF00683672 /* ttTabBar.m */,
				BB0D2A2B1D3F644400C66D3D /* ttGuideView.h */,
				BB0D2A2C1D3F644400C66D3D /* ttGuideView.m */,
				BB0D2A301D3F647500C66D3D /* ttGuideView.xib */,
			);
			path = View;
			sourceTree = "<group>";
		};
		BB98E6511D3D23CF00683672 /* Me */ = {
			isa = PBXGroup;
			children = (
				BB98E6521D3D23CF00683672 /* Controller */,
				BB98E6551D3D23CF00683672 /* Model */,
				BB98E6561D3D23CF00683672 /* View */,
			);
			path = Me;
			sourceTree = "<group>";
		};
		BB98E6521D3D23CF00683672 /* Controller */ = {
			isa = PBXGroup;
			children = (
				BB98E6531D3D23CF00683672 /* ttMeVc.h */,
				BB98E6541D3D23CF00683672 /* ttMeVc.m */,
			);
			path = Controller;
			sourceTree = "<group>";
		};
		BB98E6551D3D23CF00683672 /* Model */ = {
			isa = PBXGroup;
			children = (
			);
			path = Model;
			sourceTree = "<group>";
		};
		BB98E6561D3D23CF00683672 /* View */ = {
			isa = PBXGroup;
			children = (
			);
			path = View;
			sourceTree = "<group>";
		};
		BB98E6571D3D23CF00683672 /* New */ = {
			isa = PBXGroup;
			children = (
				BB98E6581D3D23CF00683672 /* Controller */,
				BB98E65B1D3D23CF00683672 /* Model */,
				BB98E65C1D3D23CF00683672 /* View */,
			);
			path = New;
			sourceTree = "<group>";
		};
		BB98E6581D3D23CF00683672 /* Controller */ = {
			isa = PBXGroup;
			children = (
				BB98E6591D3D23CF00683672 /* ttNewVc.h */,
				BB98E65A1D3D23CF00683672 /* ttNewVc.m */,
			);
			path = Controller;
			sourceTree = "<group>";
		};
		BB98E65B1D3D23CF00683672 /* Model */ = {
			isa = PBXGroup;
			children = (
			);
			path = Model;
			sourceTree = "<group>";
		};
		BB98E65C1D3D23CF00683672 /* View */ = {
			isa = PBXGroup;
			children = (
			);
			path = View;
			sourceTree = "<group>";
		};
		BB98E68E1D3E0D9A00683672 /* MJExtension */ = {
			isa = PBXGroup;
			children = (
				BB98E68F1D3E0D9A00683672 /* Info.plist */,
				BB98E6901D3E0D9A00683672 /* MJExtension.h */,
				BB98E6911D3E0D9A00683672 /* MJExtensionConst.h */,
				BB98E6921D3E0D9A00683672 /* MJExtensionConst.m */,
				BB98E6931D3E0D9A00683672 /* MJFoundation.h */,
				BB98E6941D3E0D9A00683672 /* MJFoundation.m */,
				BB98E6951D3E0D9A00683672 /* MJProperty.h */,
				BB98E6961D3E0D9A00683672 /* MJProperty.m */,
				BB98E6971D3E0D9A00683672 /* MJPropertyKey.h */,
				BB98E6981D3E0D9A00683672 /* MJPropertyKey.m */,
				BB98E6991D3E0D9A00683672 /* MJPropertyType.h */,
				BB98E69A1D3E0D9A00683672 /* MJPropertyType.m */,
				BB98E69B1D3E0D9A00683672 /* NSObject+MJClass.h */,
				BB98E69C1D3E0D9A00683672 /* NSObject+MJClass.m */,
				BB98E69D1D3E0D9A00683672 /* NSObject+MJCoding.h */,
				BB98E69E1D3E0D9A00683672 /* NSObject+MJCoding.m */,
				BB98E69F1D3E0D9A00683672 /* NSObject+MJKeyValue.h */,
				BB98E6A01D3E0D9A00683672 /* NSObject+MJKeyValue.m */,
				BB98E6A11D3E0D9A00683672 /* NSObject+MJProperty.h */,
				BB98E6A21D3E0D9A00683672 /* NSObject+MJProperty.m */,
				BB98E6A31D3E0D9A00683672 /* NSString+MJExtension.h */,
				BB98E6A41D3E0D9A00683672 /* NSString+MJExtension.m */,
			);
			path = MJExtension;
			sourceTree = "<group>";
		};
		BB98E6B01D3E0DB200683672 /* MJRefresh */ = {
			isa = PBXGroup;
			children = (
				BB98E6B11D3E0DB200683672 /* Base */,
				BB98E6BC1D3E0DB200683672 /* Custom */,
				BB98E6D31D3E0DB200683672 /* MJRefresh.bundle */,
				BB98E6D41D3E0DB200683672 /* MJRefresh.h */,
				BB98E6D51D3E0DB200683672 /* MJRefreshConst.h */,
				BB98E6D61D3E0DB200683672 /* MJRefreshConst.m */,
				BB98E6D71D3E0DB200683672 /* NSBundle+MJRefresh.h */,
				BB98E6D81D3E0DB200683672 /* NSBundle+MJRefresh.m */,
				BB98E6D91D3E0DB200683672 /* UIScrollView+MJExtension.h */,
				BB98E6DA1D3E0DB200683672 /* UIScrollView+MJExtension.m */,
				BB98E6DB1D3E0DB200683672 /* UIScrollView+MJRefresh.h */,
				BB98E6DC1D3E0DB200683672 /* UIScrollView+MJRefresh.m */,
				BB98E6DD1D3E0DB200683672 /* UIView+MJExtension.h */,
				BB98E6DE1D3E0DB200683672 /* UIView+MJExtension.m */,
			);
			path = MJRefresh;
			sourceTree = "<group>";
		};
		BB98E6B11D3E0DB200683672 /* Base */ = {
			isa = PBXGroup;
			children = (
				BB98E6B21D3E0DB200683672 /* MJRefreshAutoFooter.h */,
				BB98E6B31D3E0DB200683672 /* MJRefreshAutoFooter.m */,
				BB98E6B41D3E0DB200683672 /* MJRefreshBackFooter.h */,
				BB98E6B51D3E0DB200683672 /* MJRefreshBackFooter.m */,
				BB98E6B61D3E0DB200683672 /* MJRefreshComponent.h */,
				BB98E6B71D3E0DB200683672 /* MJRefreshComponent.m */,
				BB98E6B81D3E0DB200683672 /* MJRefreshFooter.h */,
				BB98E6B91D3E0DB200683672 /* MJRefreshFooter.m */,
				BB98E6BA1D3E0DB200683672 /* MJRefreshHeader.h */,
				BB98E6BB1D3E0DB200683672 /* MJRefreshHeader.m */,
			);
			path = Base;
			sourceTree = "<group>";
		};
		BB98E6BC1D3E0DB200683672 /* Custom */ = {
			isa = PBXGroup;
			children = (
				BB98E6BD1D3E0DB200683672 /* Footer */,
				BB98E6CC1D3E0DB200683672 /* Header */,
			);
			path = Custom;
			sourceTree = "<group>";
		};
		BB98E6BD1D3E0DB200683672 /* Footer */ = {
			isa = PBXGroup;
			children = (
				BB98E6BE1D3E0DB200683672 /* Auto */,
				BB98E6C51D3E0DB200683672 /* Back */,
			);
			path = Footer;
			sourceTree = "<group>";
		};
		BB98E6BE1D3E0DB200683672 /* Auto */ = {
			isa = PBXGroup;
			children = (
				BB98E6BF1D3E0DB200683672 /* MJRefreshAutoGifFooter.h */,
				BB98E6C01D3E0DB200683672 /* MJRefreshAutoGifFooter.m */,
				BB98E6C11D3E0DB200683672 /* MJRefreshAutoNormalFooter.h */,
				BB98E6C21D3E0DB200683672 /* MJRefreshAutoNormalFooter.m */,
				BB98E6C31D3E0DB200683672 /* MJRefreshAutoStateFooter.h */,
				BB98E6C41D3E0DB200683672 /* MJRefreshAutoStateFooter.m */,
			);
			path = Auto;
			sourceTree = "<group>";
		};
		BB98E6C51D3E0DB200683672 /* Back */ = {
			isa = PBXGroup;
			children = (
				BB98E6C61D3E0DB200683672 /* MJRefreshBackGifFooter.h */,
				BB98E6C71D3E0DB200683672 /* MJRefreshBackGifFooter.m */,
				BB98E6C81D3E0DB200683672 /* MJRefreshBackNormalFooter.h */,
				BB98E6C91D3E0DB200683672 /* MJRefreshBackNormalFooter.m */,
				BB98E6CA1D3E0DB200683672 /* MJRefreshBackStateFooter.h */,
				BB98E6CB1D3E0DB200683672 /* MJRefreshBackStateFooter.m */,
			);
			path = Back;
			sourceTree = "<group>";
		};
		BB98E6CC1D3E0DB200683672 /* Header */ = {
			isa = PBXGroup;
			children = (
				BB98E6CD1D3E0DB200683672 /* MJRefreshGifHeader.h */,
				BB98E6CE1D3E0DB200683672 /* MJRefreshGifHeader.m */,
				BB98E6CF1D3E0DB200683672 /* MJRefreshNormalHeader.h */,
				BB98E6D01D3E0DB200683672 /* MJRefreshNormalHeader.m */,
				BB98E6D11D3E0DB200683672 /* MJRefreshStateHeader.h */,
				BB98E6D21D3E0DB200683672 /* MJRefreshStateHeader.m */,
			);
			path = Header;
			sourceTree = "<group>";
		};
		BBC134E21D3B5565007C052B = {
			isa = PBXGroup;
			children = (
				BBC134ED1D3B5565007C052B /* bsbdj */,
				BBC134EC1D3B5565007C052B /* Products */,
			);
			sourceTree = "<group>";
		};
		BBC134EC1D3B5565007C052B /* Products */ = {
			isa = PBXGroup;
			children = (
				BBC134EB1D3B5565007C052B /* bsbdj.app */,
			);
			name = Products;
			sourceTree = "<group>";
		};
		BBC134ED1D3B5565007C052B /* bsbdj */ = {
			isa = PBXGroup;
			children = (
				BB98E5E91D3D23CF00683672 /* Classes */,
				BBC134EE1D3B5565007C052B /* Supporting Files */,
			);
			path = bsbdj;
			sourceTree = "<group>";
		};
		BBC134EE1D3B5565007C052B /* Supporting Files */ = {
			isa = PBXGroup;
			children = (
				BB98E68B1D3D24BF00683672 /* AppDelegate.h */,
				BB98E68C1D3D24BF00683672 /* AppDelegate.m */,
				BBC134FA1D3B5565007C052B /* Assets.xcassets */,
				BBC134FF1D3B5565007C052B /* Info.plist */,
				BBC134EF1D3B5565007C052B /* main.m */,
			);
			name = "Supporting Files";
			sourceTree = "<group>";
		};
		BBE210351D45E44D00A39858 /* Model */ = {
			isa = PBXGroup;
			children = (
				BBE210361D45E44D00A39858 /* ttRecommendTag.h */,
				BBE210371D45E44D00A39858 /* ttRecommendTag.m */,
				BBE2104A1D45E60F00A39858 /* ttTopic.h */,
				BBE2104B1D45E60F00A39858 /* ttTopic.m */,
			);
			path = Model;
			sourceTree = "<group>";
		};
		BBE210391D45E46400A39858 /* View */ = {
			isa = PBXGroup;
			children = (
				BBE2103A1D45E46400A39858 /* ttRecommendTagCell.h */,
				BBE2103B1D45E46400A39858 /* ttRecommendTagCell.m */,
				BBE2103C1D45E46400A39858 /* ttRecommendTagCell.xib */,
				BBE210451D45E58F00A39858 /* ttTopicCell.h */,
				BBE210461D45E58F00A39858 /* ttTopicCell.m */,
				BBE210591D45F09700A39858 /* ttTopicCell.xib */,
			);
			path = View;
			sourceTree = "<group>";
		};
/* End PBXGroup section */

/* Begin PBXNativeTarget section */
		BBC134EA1D3B5565007C052B /* bsbdj */ = {
			isa = PBXNativeTarget;
			buildConfigurationList = BBC135021D3B5565007C052B /* Build configuration list for PBXNativeTarget "bsbdj" */;
			buildPhases = (
				BBC134E71D3B5565007C052B /* Sources */,
				BBC134E81D3B5565007C052B /* Frameworks */,
				BBC134E91D3B5565007C052B /* Resources */,
			);
			buildRules = (
			);
			dependencies = (
			);
			name = bsbdj;
			productName = bsbdj;
			productReference = BBC134EB1D3B5565007C052B /* bsbdj.app */;
			productType = "com.apple.product-type.application";
		};
/* End PBXNativeTarget section */

/* Begin PBXProject section */
		BBC134E31D3B5565007C052B /* Project object */ = {
			isa = PBXProject;
			attributes = {
				CLASSPREFIX = tt;
				LastUpgradeCheck = 0730;
				ORGANIZATIONNAME = wata;
				TargetAttributes = {
					BBC134EA1D3B5565007C052B = {
						CreatedOnToolsVersion = 7.3.1;
						DevelopmentTeam = V788WRP8WH;
					};
				};
			};
			buildConfigurationList = BBC134E61D3B5565007C052B /* Build configuration list for PBXProject "bsbdj" */;
			compatibilityVersion = "Xcode 3.2";
			developmentRegion = English;
			hasScannedForEncodings = 0;
			knownRegions = (
				en,
				Base,
			);
			mainGroup = BBC134E21D3B5565007C052B;
			productRefGroup = BBC134EC1D3B5565007C052B /* Products */;
			projectDirPath = "";
			projectRoot = "";
			targets = (
				BBC134EA1D3B5565007C052B /* bsbdj */,
			);
		};
/* End PBXProject section */

/* Begin PBXResourcesBuildPhase section */
		BBC134E91D3B5565007C052B /* Resources */ = {
			isa = PBXResourcesBuildPhase;
			buildActionMask = 2147483647;
			files = (
				BB0538341D40D4C500840432 /* ttLoginRegisterVc.xib in Resources */,
				BB0D2A311D3F647500C66D3D /* ttGuideView.xib in Resources */,
				BB98E6651D3D23CF00683672 /* ttRecommendCategoryCell.xib in Resources */,
				BB98E6801D3D23CF00683672 /* SVProgressHUD.bundle in Resources */,
				BB98E65F1D3D23CF00683672 /* ttFriendTrendsVc.xib in Resources */,
				BB98E6611D3D23CF00683672 /* ttRecommendVc.xib in Resources */,
				BB98E6671D3D23CF00683672 /* ttRecommendUserCell.xib in Resources */,
				BBC134FB1D3B5565007C052B /* Assets.xcassets in Resources */,
				BB98E6ED1D3E0DB200683672 /* MJRefresh.bundle in Resources */,
				BBE210401D45E46400A39858 /* ttRecommendTagCell.xib in Resources */,
				BB98E6A51D3E0D9A00683672 /* Info.plist in Resources */,
				BBE2105A1D45F09700A39858 /* ttTopicCell.xib in Resources */,
			);
			runOnlyForDeploymentPostprocessing = 0;
		};
/* End PBXResourcesBuildPhase section */

/* Begin PBXSourcesBuildPhase section */
		BBC134E71D3B5565007C052B /* Sources */ = {
			isa = PBXSourcesBuildPhase;
			buildActionMask = 2147483647;
			files = (
				BB98E6A61D3E0D9A00683672 /* MJExtensionConst.m in Sources */,
				BB98E6791D3D23CF00683672 /* UIImage+MultiFormat.m in Sources */,
				BB98E67A1D3D23CF00683672 /* UIImage+WebP.m in Sources */,
				BB98E6E01D3E0DB200683672 /* MJRefreshBackFooter.m in Sources */,
				BB98E6EE1D3E0DB200683672 /* MJRefreshConst.m in Sources */,
				BBB86F2C1D41F6DD00C8DA3A /* ttTextField.m in Sources */,
				BB98E6A71D3E0D9A00683672 /* MJFoundation.m in Sources */,
				BBB86F291D41F5B300C8DA3A /* ttVerticalButton.m in Sources */,
				BB98E65E1D3D23CF00683672 /* ttFriendTrendsVc.m in Sources */,
				BB98E6E61D3E0DB200683672 /* MJRefreshAutoStateFooter.m in Sources */,
				BBE2104C1D45E60F00A39858 /* ttTopic.m in Sources */,
				BB0538331D40D4C500840432 /* ttLoginRegisterVc.m in Sources */,
				BB98E6751D3D23CF00683672 /* SDWebImageManager.m in Sources */,
				BB98E6661D3D23CF00683672 /* ttRecommendUserCell.m in Sources */,
				BB98E6E71D3E0DB200683672 /* MJRefreshBackGifFooter.m in Sources */,
				BB98E6AD1D3E0D9A00683672 /* NSObject+MJKeyValue.m in Sources */,
				BB98E6A91D3E0D9A00683672 /* MJPropertyKey.m in Sources */,
				BB98E68A1D3D23CF00683672 /* ttNewVc.m in Sources */,
				BB98E6AA1D3E0D9A00683672 /* MJPropertyType.m in Sources */,
				BB98E6691D3D23CF00683672 /* AFNetworkReachabilityManager.m in Sources */,
				BB98E6E81D3E0DB200683672 /* MJRefreshBackNormalFooter.m in Sources */,
				BBE210381D45E44D00A39858 /* ttRecommendTag.m in Sources */,
				BB98E66D1D3D23CF00683672 /* AFURLSessionManager.m in Sources */,
				BB98E6AB1D3E0D9A00683672 /* NSObject+MJClass.m in Sources */,
				BB98E6EF1D3E0DB200683672 /* NSBundle+MJRefresh.m in Sources */,
				BB98E6EB1D3E0DB200683672 /* MJRefreshNormalHeader.m in Sources */,
				BB98E6891D3D23CF00683672 /* ttMeVc.m in Sources */,
				BB98E6AC1D3E0D9A00683672 /* NSObject+MJCoding.m in Sources */,
				BB98E6EC1D3E0DB200683672 /* MJRefreshStateHeader.m in Sources */,
				BB98E6731D3D23CF00683672 /* SDWebImageDownloader.m in Sources */,
				BB98E66B1D3D23CF00683672 /* AFURLRequestSerialization.m in Sources */,
				BBE210481D45E58F00A39858 /* ttTopicCell.m in Sources */,
				BB98E6F51D3E1A4200683672 /* ttRecommendTagsVc.m in Sources */,
				BB98E6631D3D23CF00683672 /* ttRecommendUser.m in Sources */,
				BB98E66C1D3D23CF00683672 /* AFURLResponseSerialization.m in Sources */,
				BB0D2A2D1D3F644400C66D3D /* ttGuideView.m in Sources */,
				BB98E67E1D3D23CF00683672 /* SVIndefiniteAnimatedView.m in Sources */,
				BB98E6681D3D23CF00683672 /* AFHTTPSessionManager.m in Sources */,
				BB98E6A81D3E0D9A00683672 /* MJProperty.m in Sources */,
				BB98E6F21D3E0DB200683672 /* UIView+MJExtension.m in Sources */,
				BB98E66E1D3D23CF00683672 /* MKAnnotationView+WebCache.m in Sources */,
				BB98E6F11D3E0DB200683672 /* UIScrollView+MJRefresh.m in Sources */,
				BB98E6601D3D23CF00683672 /* ttRecommendVc.m in Sources */,
				BB98E67F1D3D23CF00683672 /* SVProgressAnimatedView.m in Sources */,
				BB98E66F1D3D23CF00683672 /* NSData+ImageContentType.m in Sources */,
				BB98E6781D3D23CF00683672 /* UIImage+GIF.m in Sources */,
				BBE210581D45EF8E00A39858 /* NSDate+ttExtension.m in Sources */,
				BB98E6771D3D23CF00683672 /* UIButton+WebCache.m in Sources */,
				BB98E6851D3D23CF00683672 /* ttNavigationController.m in Sources */,
				BBC134F01D3B5565007C052B /* main.m in Sources */,
				BB98E6E21D3E0DB200683672 /* MJRefreshFooter.m in Sources */,
				BB98E6E11D3E0DB200683672 /* MJRefreshComponent.m in Sources */,
				BB98E6AF1D3E0D9A00683672 /* NSString+MJExtension.m in Sources */,
				BB98E6EA1D3E0DB200683672 /* MJRefreshGifHeader.m in Sources */,
				BB98E6E31D3E0DB200683672 /* MJRefreshHeader.m in Sources */,
				BB98E6F01D3E0DB200683672 /* UIScrollView+MJExtension.m in Sources */,
				BB98E68D1D3D24BF00683672 /* AppDelegate.m in Sources */,
				BB98E6811D3D23CF00683672 /* SVProgressHUD.m in Sources */,
				BB98E6831D3D23CF00683672 /* UIBarButtonItem+ttExtension.m in Sources */,
				BBE2103F1D45E46400A39858 /* ttRecommendTagCell.m in Sources */,
				BB98E6871D3D23CF00683672 /* Foundation+Log.m in Sources */,
				BB98E6761D3D23CF00683672 /* SDWebImagePrefetcher.m in Sources */,
				BB98E6E51D3E0DB200683672 /* MJRefreshAutoNormalFooter.m in Sources */,
				BB98E6881D3D23CF00683672 /* ttTabBar.m in Sources */,
				BB98E6721D3D23CF00683672 /* SDWebImageDecoder.m in Sources */,
				BBE210521D45EB5A00A39858 /* ttConst.m in Sources */,
				BB98E6701D3D23CF00683672 /* SDImageCache.m in Sources */,
				BB98E6711D3D23CF00683672 /* SDWebImageCompat.m in Sources */,
				BB98E67D1D3D23CF00683672 /* UIView+WebCacheOperation.m in Sources */,
				BB98E6641D3D23CF00683672 /* ttRecommendCategoryCell.m in Sources */,
				BB98E6841D3D23CF00683672 /* UIView+ttExtension.m in Sources */,
				BB98E6AE1D3E0D9A00683672 /* NSObject+MJProperty.m in Sources */,
				BB98E6621D3D23CF00683672 /* ttRecommendCategory.m in Sources */,
				BB98E6741D3D23CF00683672 /* SDWebImageDownloaderOperation.m in Sources */,
				BB98E6821D3D23CF00683672 /* SVRadialGradientLayer.m in Sources */,
				BB98E6E41D3E0DB200683672 /* MJRefreshAutoGifFooter.m in Sources */,
				BB98E6861D3D23CF00683672 /* ttTabBarController.m in Sources */,
				BB98E66A1D3D23CF00683672 /* AFSecurityPolicy.m in Sources */,
				BB98E67C1D3D23CF00683672 /* UIImageView+WebCache.m in Sources */,
				BB98E6E91D3E0DB200683672 /* MJRefreshBackStateFooter.m in Sources */,
				BB98E67B1D3D23CF00683672 /* UIImageView+HighlightedWebCache.m in Sources */,
				BBE210441D45E56F00A39858 /* ttTopicVc.m in Sources */,
				BB98E6DF1D3E0DB200683672 /* MJRefreshAutoFooter.m in Sources */,
				BB98E65D1D3D23CF00683672 /* ttEssenceVc.m in Sources */,
			);
			runOnlyForDeploymentPostprocessing = 0;
		};
/* End PBXSourcesBuildPhase section */

/* Begin XCBuildConfiguration section */
		BBC135001D3B5565007C052B /* Debug */ = {
			isa = XCBuildConfiguration;
			buildSettings = {
				ALWAYS_SEARCH_USER_PATHS = NO;
				CLANG_ANALYZER_NONNULL = YES;
				CLANG_CXX_LANGUAGE_STANDARD = "gnu++0x";
				CLANG_CXX_LIBRARY = "libc++";
				CLANG_ENABLE_MODULES = YES;
				CLANG_ENABLE_OBJC_ARC = YES;
				CLANG_WARN_BOOL_CONVERSION = YES;
				CLANG_WARN_CONSTANT_CONVERSION = YES;
				CLANG_WARN_DIRECT_OBJC_ISA_USAGE = YES_ERROR;
				CLANG_WARN_EMPTY_BODY = YES;
				CLANG_WARN_ENUM_CONVERSION = YES;
				CLANG_WARN_INT_CONVERSION = YES;
				CLANG_WARN_OBJC_ROOT_CLASS = YES_ERROR;
				CLANG_WARN_UNREACHABLE_CODE = YES;
				CLANG_WARN__DUPLICATE_METHOD_MATCH = YES;
				"CODE_SIGN_IDENTITY[sdk=iphoneos*]" = "iPhone Developer";
				COPY_PHASE_STRIP = NO;
				DEBUG_INFORMATION_FORMAT = dwarf;
				ENABLE_STRICT_OBJC_MSGSEND = YES;
				ENABLE_TESTABILITY = YES;
				GCC_C_LANGUAGE_STANDARD = gnu99;
				GCC_DYNAMIC_NO_PIC = NO;
				GCC_NO_COMMON_BLOCKS = YES;
				GCC_OPTIMIZATION_LEVEL = 0;
				GCC_PREFIX_HEADER = ./bsbdj/Classes/Main/PrefixHeader.pch;
				GCC_PREPROCESSOR_DEFINITIONS = (
					"DEBUG=1",
					"$(inherited)",
				);
				GCC_WARN_64_TO_32_BIT_CONVERSION = YES;
				GCC_WARN_ABOUT_RETURN_TYPE = YES_ERROR;
				GCC_WARN_UNDECLARED_SELECTOR = YES;
				GCC_WARN_UNINITIALIZED_AUTOS = YES_AGGRESSIVE;
				GCC_WARN_UNUSED_FUNCTION = YES;
				GCC_WARN_UNUSED_VARIABLE = YES;
				IPHONEOS_DEPLOYMENT_TARGET = 9.3;
				MTL_ENABLE_DEBUG_INFO = YES;
				ONLY_ACTIVE_ARCH = YES;
				SDKROOT = iphoneos;
			};
			name = Debug;
		};
		BBC135011D3B5565007C052B /* Release */ = {
			isa = XCBuildConfiguration;
			buildSettings = {
				ALWAYS_SEARCH_USER_PATHS = NO;
				CLANG_ANALYZER_NONNULL = YES;
				CLANG_CXX_LANGUAGE_STANDARD = "gnu++0x";
				CLANG_CXX_LIBRARY = "libc++";
				CLANG_ENABLE_MODULES = YES;
				CLANG_ENABLE_OBJC_ARC = YES;
				CLANG_WARN_BOOL_CONVERSION = YES;
				CLANG_WARN_CONSTANT_CONVERSION = YES;
				CLANG_WARN_DIRECT_OBJC_ISA_USAGE = YES_ERROR;
				CLANG_WARN_EMPTY_BODY = YES;
				CLANG_WARN_ENUM_CONVERSION = YES;
				CLANG_WARN_INT_CONVERSION = YES;
				CLANG_WARN_OBJC_ROOT_CLASS = YES_ERROR;
				CLANG_WARN_UNREACHABLE_CODE = YES;
				CLANG_WARN__DUPLICATE_METHOD_MATCH = YES;
				"CODE_SIGN_IDENTITY[sdk=iphoneos*]" = "iPhone Developer";
				COPY_PHASE_STRIP = NO;
				DEBUG_INFORMATION_FORMAT = "dwarf-with-dsym";
				ENABLE_NS_ASSERTIONS = NO;
				ENABLE_STRICT_OBJC_MSGSEND = YES;
				GCC_C_LANGUAGE_STANDARD = gnu99;
				GCC_NO_COMMON_BLOCKS = YES;
				GCC_PREFIX_HEADER = ./bsbdj/Classes/Main/PrefixHeader.pch;
				GCC_WARN_64_TO_32_BIT_CONVERSION = YES;
				GCC_WARN_ABOUT_RETURN_TYPE = YES_ERROR;
				GCC_WARN_UNDECLARED_SELECTOR = YES;
				GCC_WARN_UNINITIALIZED_AUTOS = YES_AGGRESSIVE;
				GCC_WARN_UNUSED_FUNCTION = YES;
				GCC_WARN_UNUSED_VARIABLE = YES;
				IPHONEOS_DEPLOYMENT_TARGET = 9.3;
				MTL_ENABLE_DEBUG_INFO = NO;
				SDKROOT = iphoneos;
				VALIDATE_PRODUCT = YES;
			};
			name = Release;
		};
		BBC135031D3B5565007C052B /* Debug */ = {
			isa = XCBuildConfiguration;
			buildSettings = {
				ASSETCATALOG_COMPILER_APPICON_NAME = AppIcon;
				ASSETCATALOG_COMPILER_LAUNCHIMAGE_NAME = "Brand Assets";
				INFOPLIST_FILE = bsbdj/Info.plist;
				LD_RUNPATH_SEARCH_PATHS = "$(inherited) @executable_path/Frameworks";
				PRODUCT_BUNDLE_IDENTIFIER = com.wata.bsbdj;
				PRODUCT_NAME = "$(TARGET_NAME)";
			};
			name = Debug;
		};
		BBC135041D3B5565007C052B /* Release */ = {
			isa = XCBuildConfiguration;
			buildSettings = {
				ASSETCATALOG_COMPILER_APPICON_NAME = AppIcon;
				ASSETCATALOG_COMPILER_LAUNCHIMAGE_NAME = "Brand Assets";
				INFOPLIST_FILE = bsbdj/Info.plist;
				LD_RUNPATH_SEARCH_PATHS = "$(inherited) @executable_path/Frameworks";
				PRODUCT_BUNDLE_IDENTIFIER = com.wata.bsbdj;
				PRODUCT_NAME = "$(TARGET_NAME)";
			};
			name = Release;
		};
/* End XCBuildConfiguration section */

/* Begin XCConfigurationList section */
		BBC134E61D3B5565007C052B /* Build configuration list for PBXProject "bsbdj" */ = {
			isa = XCConfigurationList;
			buildConfigurations = (
				BBC135001D3B5565007C052B /* Debug */,
				BBC135011D3B5565007C052B /* Release */,
			);
			defaultConfigurationIsVisible = 0;
			defaultConfigurationName = Release;
		};
		BBC135021D3B5565007C052B /* Build configuration list for PBXNativeTarget "bsbdj" */ = {
			isa = XCConfigurationList;
			buildConfigurations = (
				BBC135031D3B5565007C052B /* Debug */,
				BBC135041D3B5565007C052B /* Release */,
			);
			defaultConfigurationIsVisible = 0;
			defaultConfigurationName = Release;
		};
/* End XCConfigurationList section */
	};
	rootObject = BBC134E31D3B5565007C052B /* Project object */;
}
